// !$*UTF8*$!
{
	archiveVersion = 1;
	classes = {
	};
	objectVersion = 50;
	objects = {

/* Begin PBXBuildFile section */
		27E18B62912C88865725476E /* libPods-ZZToolsDemo.a in Frameworks */ = {isa = PBXBuildFile; fileRef = 531B2E0A9E788A0F606AD5F8 /* libPods-ZZToolsDemo.a */; };
		3AA1BAA621F6C61400833ECA /* AppDelegate.m in Sources */ = {isa = PBXBuildFile; fileRef = 3AA1BAA521F6C61400833ECA /* AppDelegate.m */; };
		3AA1BAA921F6C61400833ECA /* ViewController.m in Sources */ = {isa = PBXBuildFile; fileRef = 3AA1BAA821F6C61400833ECA /* ViewController.m */; };
		3AA1BAAC21F6C61400833ECA /* Main.storyboard in Resources */ = {isa = PBXBuildFile; fileRef = 3AA1BAAA21F6C61400833ECA /* Main.storyboard */; };
		3AA1BAAE21F6C61500833ECA /* Assets.xcassets in Resources */ = {isa = PBXBuildFile; fileRef = 3AA1BAAD21F6C61500833ECA /* Assets.xcassets */; };
		3AA1BAB121F6C61500833ECA /* LaunchScreen.storyboard in Resources */ = {isa = PBXBuildFile; fileRef = 3AA1BAAF21F6C61500833ECA /* LaunchScreen.storyboard */; };
		3AA1BAB421F6C61500833ECA /* main.m in Sources */ = {isa = PBXBuildFile; fileRef = 3AA1BAB321F6C61500833ECA /* main.m */; };
		3AA1BACD21F6C71700833ECA /* ZZLayout.m in Sources */ = {isa = PBXBuildFile; fileRef = 3AA1BABD21F6C71700833ECA /* ZZLayout.m */; };
		3AA1BACE21F6C71700833ECA /* ZZVerticalVC.m in Sources */ = {isa = PBXBuildFile; fileRef = 3AA1BAC321F6C71700833ECA /* ZZVerticalVC.m */; };
		3AA1BACF21F6C71700833ECA /* ZZHorizontalVC.m in Sources */ = {isa = PBXBuildFile; fileRef = 3AA1BAC621F6C71700833ECA /* ZZHorizontalVC.m */; };
		3AA1BAD021F6C71700833ECA /* ZZAutomateFloatVC.m in Sources */ = {isa = PBXBuildFile; fileRef = 3AA1BAC821F6C71700833ECA /* ZZAutomateFloatVC.m */; };
		3AA1BAD121F6C71700833ECA /* ZZCollectionHeaderView.m in Sources */ = {isa = PBXBuildFile; fileRef = 3AA1BACC21F6C71700833ECA /* ZZCollectionHeaderView.m */; };
		3AD20664220484050056D3F2 /* ZZStarViewVC.m in Sources */ = {isa = PBXBuildFile; fileRef = E43470642204587A001584C6 /* ZZStarViewVC.m */; };
		E42827D92206BB7200BF7657 /* ZZCollectionViewCell.m in Sources */ = {isa = PBXBuildFile; fileRef = E42827D82206BB7200BF7657 /* ZZCollectionViewCell.m */; };
		E42827DD2206BD2900BF7657 /* ZZModel.m in Sources */ = {isa = PBXBuildFile; fileRef = E42827DC2206BD2900BF7657 /* ZZModel.m */; };
		E42827E02206D61D00BF7657 /* ZZCollectionFooterView.m in Sources */ = {isa = PBXBuildFile; fileRef = E42827DF2206D61D00BF7657 /* ZZCollectionFooterView.m */; };
		E43DDCFD2205341E00DC41C0 /* ZZStarView.m in Sources */ = {isa = PBXBuildFile; fileRef = E43470602204581B001584C6 /* ZZStarView.m */; };
		E45ED2DA22115F92009D9A8C /* ZZRouter.m in Sources */ = {isa = PBXBuildFile; fileRef = E45ED2D922115F92009D9A8C /* ZZRouter.m */; };
		E49CEB56222E4FA900AC812D /* ZZPhotoPickerVC.m in Sources */ = {isa = PBXBuildFile; fileRef = E49CEB55222E4FA900AC812D /* ZZPhotoPickerVC.m */; };
		E49CEB5C222E523000AC812D /* IJSAlbumModel.m in Sources */ = {isa = PBXBuildFile; fileRef = E49CEB58222E523000AC812D /* IJSAlbumModel.m */; };
		E49CEB5D222E523000AC812D /* IJSAssetModel.m in Sources */ = {isa = PBXBuildFile; fileRef = E49CEB5B222E523000AC812D /* IJSAssetModel.m */; };
		E49CEB62222E530C00AC812D /* IJSImageManager.m in Sources */ = {isa = PBXBuildFile; fileRef = E49CEB5F222E530C00AC812D /* IJSImageManager.m */; };
		E49CEB80222E533200AC812D /* NSBundle+IJSUBundle.m in Sources */ = {isa = PBXBuildFile; fileRef = E49CEB65222E533200AC812D /* NSBundle+IJSUBundle.m */; };
		E49CEB81222E533200AC812D /* UIBarButtonItem+IJSUUIBarBtItem.m in Sources */ = {isa = PBXBuildFile; fileRef = E49CEB66222E533200AC812D /* UIBarButtonItem+IJSUUIBarBtItem.m */; };
		E49CEB82222E533200AC812D /* UIImage+IJSUImage.m in Sources */ = {isa = PBXBuildFile; fileRef = E49CEB67222E533200AC812D /* UIImage+IJSUImage.m */; };
		E49CEB83222E533200AC812D /* CALayer+IJSULayer.m in Sources */ = {isa = PBXBuildFile; fileRef = E49CEB68222E533200AC812D /* CALayer+IJSULayer.m */; };
		E49CEB84222E533200AC812D /* IJSAlertViewController.m in Sources */ = {isa = PBXBuildFile; fileRef = E49CEB69222E533200AC812D /* IJSAlertViewController.m */; };
		E49CEB85222E533200AC812D /* IJSNotificationCenterString.m in Sources */ = {isa = PBXBuildFile; fileRef = E49CEB6C222E533200AC812D /* IJSNotificationCenterString.m */; };
		E49CEB86222E533200AC812D /* IJSLodingView.m in Sources */ = {isa = PBXBuildFile; fileRef = E49CEB6D222E533200AC812D /* IJSLodingView.m */; };
		E49CEB87222E533200AC812D /* UIButton+IJSUButton.m in Sources */ = {isa = PBXBuildFile; fileRef = E49CEB6E222E533200AC812D /* UIButton+IJSUButton.m */; };
		E49CEB88222E533200AC812D /* UIView+IJSUUIView.m in Sources */ = {isa = PBXBuildFile; fileRef = E49CEB73222E533200AC812D /* UIView+IJSUUIView.m */; };
		E49CEB89222E533200AC812D /* NSError+IJSError.m in Sources */ = {isa = PBXBuildFile; fileRef = E49CEB77222E533200AC812D /* NSError+IJSError.m */; };
		E49CEB8A222E533200AC812D /* UITextField+IJSUTextField.m in Sources */ = {isa = PBXBuildFile; fileRef = E49CEB78222E533200AC812D /* UITextField+IJSUTextField.m */; };
		E49CEB8B222E533200AC812D /* NSObject+IJSUKeyValue.m in Sources */ = {isa = PBXBuildFile; fileRef = E49CEB7B222E533200AC812D /* NSObject+IJSUKeyValue.m */; };
		E49CEB8C222E533200AC812D /* UINavigationController+IJSNavigationController.m in Sources */ = {isa = PBXBuildFile; fileRef = E49CEB7C222E533200AC812D /* UINavigationController+IJSNavigationController.m */; };
		E49CEB93222E540400AC812D /* IJSFoundation.framework in Frameworks */ = {isa = PBXBuildFile; fileRef = E49CEB92222E540400AC812D /* IJSFoundation.framework */; };
		E49CEB97222E553500AC812D /* IJSAlbumPickerController.m in Sources */ = {isa = PBXBuildFile; fileRef = E49CEB95222E553500AC812D /* IJSAlbumPickerController.m */; };
		E49CEB9A222E555800AC812D /* IJSImagePickerController.m in Sources */ = {isa = PBXBuildFile; fileRef = E49CEB98222E555800AC812D /* IJSImagePickerController.m */; };
		E49CEB9D222E559700AC812D /* IJSPhotoPreviewController.m in Sources */ = {isa = PBXBuildFile; fileRef = E49CEB9B222E559700AC812D /* IJSPhotoPreviewController.m */; };
		E49CEBA0222E55C900AC812D /* IJSPhotoPickerController.m in Sources */ = {isa = PBXBuildFile; fileRef = E49CEB9F222E55C900AC812D /* IJSPhotoPickerController.m */; };
		E49CEBBB222E569E00AC812D /* IJSPhotoPickerCell.m in Sources */ = {isa = PBXBuildFile; fileRef = E49CEBAD222E569E00AC812D /* IJSPhotoPickerCell.m */; };
		E49CEBBC222E569E00AC812D /* IJSAlbumPickerCell.m in Sources */ = {isa = PBXBuildFile; fileRef = E49CEBB2222E569E00AC812D /* IJSAlbumPickerCell.m */; };
		E49CEBBD222E569E00AC812D /* IJSSelectedCell.m in Sources */ = {isa = PBXBuildFile; fileRef = E49CEBB4222E569E00AC812D /* IJSSelectedCell.m */; };
		E49CEBBE222E569E00AC812D /* IJSPreviewImageCell.m in Sources */ = {isa = PBXBuildFile; fileRef = E49CEBB6222E569E00AC812D /* IJSPreviewImageCell.m */; };
		E49CEBBF222E569E00AC812D /* IJSPreviewGifView.m in Sources */ = {isa = PBXBuildFile; fileRef = E49CEBB8222E569E00AC812D /* IJSPreviewGifView.m */; };
		E49CEBC0222E569E00AC812D /* IJSPreviewLivePhotoView.m in Sources */ = {isa = PBXBuildFile; fileRef = E49CEBB9222E569E00AC812D /* IJSPreviewLivePhotoView.m */; };
		E49CEBC1222E569E00AC812D /* IJSPreviewVideoView.m in Sources */ = {isa = PBXBuildFile; fileRef = E49CEBBA222E569E00AC812D /* IJSPreviewVideoView.m */; };
		E49CEBC5222E56F600AC812D /* IJSMapViewModel.m in Sources */ = {isa = PBXBuildFile; fileRef = E49CEBC3222E56F600AC812D /* IJSMapViewModel.m */; };
		E49CEBC8222E571800AC812D /* IJSImageManagerController.m in Sources */ = {isa = PBXBuildFile; fileRef = E49CEBC7222E571700AC812D /* IJSImageManagerController.m */; };
		E49CEBCE222E5BE300AC812D /* JSPhotoSDK.bundle in Resources */ = {isa = PBXBuildFile; fileRef = E49CEBCD222E5BE300AC812D /* JSPhotoSDK.bundle */; };
/* End PBXBuildFile section */

/* Begin PBXFileReference section */
		3AA1BAA121F6C61400833ECA /* ZZToolsDemo.app */ = {isa = PBXFileReference; explicitFileType = wrapper.application; includeInIndex = 0; path = ZZToolsDemo.app; sourceTree = BUILT_PRODUCTS_DIR; };
		3AA1BAA421F6C61400833ECA /* AppDelegate.h */ = {isa = PBXFileReference; lastKnownFileType = sourcecode.c.h; path = AppDelegate.h; sourceTree = "<group>"; };
		3AA1BAA521F6C61400833ECA /* AppDelegate.m */ = {isa = PBXFileReference; lastKnownFileType = sourcecode.c.objc; path = AppDelegate.m; sourceTree = "<group>"; };
		3AA1BAA721F6C61400833ECA /* ViewController.h */ = {isa = PBXFileReference; lastKnownFileType = sourcecode.c.h; path = ViewController.h; sourceTree = "<group>"; };
		3AA1BAA821F6C61400833ECA /* ViewController.m */ = {isa = PBXFileReference; lastKnownFileType = sourcecode.c.objc; path = ViewController.m; sourceTree = "<group>"; };
		3AA1BAAB21F6C61400833ECA /* Base */ = {isa = PBXFileReference; lastKnownFileType = file.storyboard; name = Base; path = Base.lproj/Main.storyboard; sourceTree = "<group>"; };
		3AA1BAAD21F6C61500833ECA /* Assets.xcassets */ = {isa = PBXFileReference; lastKnownFileType = folder.assetcatalog; path = Assets.xcassets; sourceTree = "<group>"; };
		3AA1BAB021F6C61500833ECA /* Base */ = {isa = PBXFileReference; lastKnownFileType = file.storyboard; name = Base; path = Base.lproj/LaunchScreen.storyboard; sourceTree = "<group>"; };
		3AA1BAB221F6C61500833ECA /* Info.plist */ = {isa = PBXFileReference; lastKnownFileType = text.plist.xml; path = Info.plist; sourceTree = "<group>"; };
		3AA1BAB321F6C61500833ECA /* main.m */ = {isa = PBXFileReference; lastKnownFileType = sourcecode.c.objc; path = main.m; sourceTree = "<group>"; };
		3AA1BABD21F6C71700833ECA /* ZZLayout.m */ = {isa = PBXFileReference; fileEncoding = 4; lastKnownFileType = sourcecode.c.objc; path = ZZLayout.m; sourceTree = "<group>"; };
		3AA1BABE21F6C71700833ECA /* ZZLayout.h */ = {isa = PBXFileReference; fileEncoding = 4; lastKnownFileType = sourcecode.c.h; path = ZZLayout.h; sourceTree = "<group>"; };
		3AA1BAC221F6C71700833ECA /* ZZVerticalVC.h */ = {isa = PBXFileReference; fileEncoding = 4; lastKnownFileType = sourcecode.c.h; path = ZZVerticalVC.h; sourceTree = "<group>"; };
		3AA1BAC321F6C71700833ECA /* ZZVerticalVC.m */ = {isa = PBXFileReference; fileEncoding = 4; lastKnownFileType = sourcecode.c.objc; path = ZZVerticalVC.m; sourceTree = "<group>"; };
		3AA1BAC521F6C71700833ECA /* ZZHorizontalVC.h */ = {isa = PBXFileReference; fileEncoding = 4; lastKnownFileType = sourcecode.c.h; path = ZZHorizontalVC.h; sourceTree = "<group>"; };
		3AA1BAC621F6C71700833ECA /* ZZHorizontalVC.m */ = {isa = PBXFileReference; fileEncoding = 4; lastKnownFileType = sourcecode.c.objc; path = ZZHorizontalVC.m; sourceTree = "<group>"; };
		3AA1BAC821F6C71700833ECA /* ZZAutomateFloatVC.m */ = {isa = PBXFileReference; fileEncoding = 4; lastKnownFileType = sourcecode.c.objc; path = ZZAutomateFloatVC.m; sourceTree = "<group>"; };
		3AA1BAC921F6C71700833ECA /* ZZAutomateFloatVC.h */ = {isa = PBXFileReference; fileEncoding = 4; lastKnownFileType = sourcecode.c.h; path = ZZAutomateFloatVC.h; sourceTree = "<group>"; };
		3AA1BACB21F6C71700833ECA /* ZZCollectionHeaderView.h */ = {isa = PBXFileReference; fileEncoding = 4; lastKnownFileType = sourcecode.c.h; path = ZZCollectionHeaderView.h; sourceTree = "<group>"; };
		3AA1BACC21F6C71700833ECA /* ZZCollectionHeaderView.m */ = {isa = PBXFileReference; fileEncoding = 4; lastKnownFileType = sourcecode.c.objc; path = ZZCollectionHeaderView.m; sourceTree = "<group>"; };
		3AA1BAD321F6C94700833ECA /* ZZTools.h */ = {isa = PBXFileReference; lastKnownFileType = sourcecode.c.h; path = ZZTools.h; sourceTree = "<group>"; };
		531B2E0A9E788A0F606AD5F8 /* libPods-ZZToolsDemo.a */ = {isa = PBXFileReference; explicitFileType = archive.ar; includeInIndex = 0; path = "libPods-ZZToolsDemo.a"; sourceTree = BUILT_PRODUCTS_DIR; };
		817DC901F7C64119D1FE199A /* Pods-ZZToolsDemo.release.xcconfig */ = {isa = PBXFileReference; includeInIndex = 1; lastKnownFileType = text.xcconfig; name = "Pods-ZZToolsDemo.release.xcconfig"; path = "Target Support Files/Pods-ZZToolsDemo/Pods-ZZToolsDemo.release.xcconfig"; sourceTree = "<group>"; };
		E42827D72206BB7200BF7657 /* ZZCollectionViewCell.h */ = {isa = PBXFileReference; lastKnownFileType = sourcecode.c.h; path = ZZCollectionViewCell.h; sourceTree = "<group>"; };
		E42827D82206BB7200BF7657 /* ZZCollectionViewCell.m */ = {isa = PBXFileReference; lastKnownFileType = sourcecode.c.objc; path = ZZCollectionViewCell.m; sourceTree = "<group>"; };
		E42827DB2206BD2900BF7657 /* ZZModel.h */ = {isa = PBXFileReference; lastKnownFileType = sourcecode.c.h; path = ZZModel.h; sourceTree = "<group>"; };
		E42827DC2206BD2900BF7657 /* ZZModel.m */ = {isa = PBXFileReference; lastKnownFileType = sourcecode.c.objc; path = ZZModel.m; sourceTree = "<group>"; };
		E42827DE2206D61D00BF7657 /* ZZCollectionFooterView.h */ = {isa = PBXFileReference; lastKnownFileType = sourcecode.c.h; path = ZZCollectionFooterView.h; sourceTree = "<group>"; };
		E42827DF2206D61D00BF7657 /* ZZCollectionFooterView.m */ = {isa = PBXFileReference; lastKnownFileType = sourcecode.c.objc; path = ZZCollectionFooterView.m; sourceTree = "<group>"; };
		E434705F2204581B001584C6 /* ZZStarView.h */ = {isa = PBXFileReference; lastKnownFileType = sourcecode.c.h; path = ZZStarView.h; sourceTree = "<group>"; };
		E43470602204581B001584C6 /* ZZStarView.m */ = {isa = PBXFileReference; lastKnownFileType = sourcecode.c.objc; path = ZZStarView.m; sourceTree = "<group>"; };
		E43470632204587A001584C6 /* ZZStarViewVC.h */ = {isa = PBXFileReference; lastKnownFileType = sourcecode.c.h; path = ZZStarViewVC.h; sourceTree = "<group>"; };
		E43470642204587A001584C6 /* ZZStarViewVC.m */ = {isa = PBXFileReference; lastKnownFileType = sourcecode.c.objc; path = ZZStarViewVC.m; sourceTree = "<group>"; };
		E45ED2D822115F92009D9A8C /* ZZRouter.h */ = {isa = PBXFileReference; lastKnownFileType = sourcecode.c.h; path = ZZRouter.h; sourceTree = "<group>"; };
		E45ED2D922115F92009D9A8C /* ZZRouter.m */ = {isa = PBXFileReference; lastKnownFileType = sourcecode.c.objc; path = ZZRouter.m; sourceTree = "<group>"; };
		E49CEB53222E4CF100AC812D /* ZZPrivateHeader.h */ = {isa = PBXFileReference; lastKnownFileType = sourcecode.c.h; path = ZZPrivateHeader.h; sourceTree = "<group>"; };
		E49CEB54222E4FA900AC812D /* ZZPhotoPickerVC.h */ = {isa = PBXFileReference; lastKnownFileType = sourcecode.c.h; path = ZZPhotoPickerVC.h; sourceTree = "<group>"; };
		E49CEB55222E4FA900AC812D /* ZZPhotoPickerVC.m */ = {isa = PBXFileReference; lastKnownFileType = sourcecode.c.objc; path = ZZPhotoPickerVC.m; sourceTree = "<group>"; };
		E49CEB58222E523000AC812D /* IJSAlbumModel.m */ = {isa = PBXFileReference; fileEncoding = 4; lastKnownFileType = sourcecode.c.objc; path = IJSAlbumModel.m; sourceTree = "<group>"; };
		E49CEB59222E523000AC812D /* IJSAssetModel.h */ = {isa = PBXFileReference; fileEncoding = 4; lastKnownFileType = sourcecode.c.h; path = IJSAssetModel.h; sourceTree = "<group>"; };
		E49CEB5A222E523000AC812D /* IJSAlbumModel.h */ = {isa = PBXFileReference; fileEncoding = 4; lastKnownFileType = sourcecode.c.h; path = IJSAlbumModel.h; sourceTree = "<group>"; };
		E49CEB5B222E523000AC812D /* IJSAssetModel.m */ = {isa = PBXFileReference; fileEncoding = 4; lastKnownFileType = sourcecode.c.objc; path = IJSAssetModel.m; sourceTree = "<group>"; };
		E49CEB5F222E530C00AC812D /* IJSImageManager.m */ = {isa = PBXFileReference; fileEncoding = 4; lastKnownFileType = sourcecode.c.objc; path = IJSImageManager.m; sourceTree = "<group>"; };
		E49CEB60222E530C00AC812D /* IJSConst.h */ = {isa = PBXFileReference; fileEncoding = 4; lastKnownFileType = sourcecode.c.h; path = IJSConst.h; sourceTree = "<group>"; };
		E49CEB61222E530C00AC812D /* IJSImageManager.h */ = {isa = PBXFileReference; fileEncoding = 4; lastKnownFileType = sourcecode.c.h; path = IJSImageManager.h; sourceTree = "<group>"; };
		E49CEB64222E533200AC812D /* UIView+IJSUUIView.h */ = {isa = PBXFileReference; fileEncoding = 4; lastKnownFileType = sourcecode.c.h; path = "UIView+IJSUUIView.h"; sourceTree = "<group>"; };
		E49CEB65222E533200AC812D /* NSBundle+IJSUBundle.m */ = {isa = PBXFileReference; fileEncoding = 4; lastKnownFileType = sourcecode.c.objc; path = "NSBundle+IJSUBundle.m"; sourceTree = "<group>"; };
		E49CEB66222E533200AC812D /* UIBarButtonItem+IJSUUIBarBtItem.m */ = {isa = PBXFileReference; fileEncoding = 4; lastKnownFileType = sourcecode.c.objc; path = "UIBarButtonItem+IJSUUIBarBtItem.m"; sourceTree = "<group>"; };
		E49CEB67222E533200AC812D /* UIImage+IJSUImage.m */ = {isa = PBXFileReference; fileEncoding = 4; lastKnownFileType = sourcecode.c.objc; path = "UIImage+IJSUImage.m"; sourceTree = "<group>"; };
		E49CEB68222E533200AC812D /* CALayer+IJSULayer.m */ = {isa = PBXFileReference; fileEncoding = 4; lastKnownFileType = sourcecode.c.objc; path = "CALayer+IJSULayer.m"; sourceTree = "<group>"; };
		E49CEB69222E533200AC812D /* IJSAlertViewController.m */ = {isa = PBXFileReference; fileEncoding = 4; lastKnownFileType = sourcecode.c.objc; path = IJSAlertViewController.m; sourceTree = "<group>"; };
		E49CEB6A222E533200AC812D /* UITextField+IJSUTextField.h */ = {isa = PBXFileReference; fileEncoding = 4; lastKnownFileType = sourcecode.c.h; path = "UITextField+IJSUTextField.h"; sourceTree = "<group>"; };
		E49CEB6B222E533200AC812D /* NSError+IJSError.h */ = {isa = PBXFileReference; fileEncoding = 4; lastKnownFileType = sourcecode.c.h; path = "NSError+IJSError.h"; sourceTree = "<group>"; };
		E49CEB6C222E533200AC812D /* IJSNotificationCenterString.m */ = {isa = PBXFileReference; fileEncoding = 4; lastKnownFileType = sourcecode.c.objc; path = IJSNotificationCenterString.m; sourceTree = "<group>"; };
		E49CEB6D222E533200AC812D /* IJSLodingView.m */ = {isa = PBXFileReference; fileEncoding = 4; lastKnownFileType = sourcecode.c.objc; path = IJSLodingView.m; sourceTree = "<group>"; };
		E49CEB6E222E533200AC812D /* UIButton+IJSUButton.m */ = {isa = PBXFileReference; fileEncoding = 4; lastKnownFileType = sourcecode.c.objc; path = "UIButton+IJSUButton.m"; sourceTree = "<group>"; };
		E49CEB6F222E533200AC812D /* UINavigationController+IJSNavigationController.h */ = {isa = PBXFileReference; fileEncoding = 4; lastKnownFileType = sourcecode.c.h; path = "UINavigationController+IJSNavigationController.h"; sourceTree = "<group>"; };
		E49CEB70222E533200AC812D /* NSObject+IJSUKeyValue.h */ = {isa = PBXFileReference; fileEncoding = 4; lastKnownFileType = sourcecode.c.h; path = "NSObject+IJSUKeyValue.h"; sourceTree = "<group>"; };
		E49CEB71222E533200AC812D /* NSBundle+IJSUBundle.h */ = {isa = PBXFileReference; fileEncoding = 4; lastKnownFileType = sourcecode.c.h; path = "NSBundle+IJSUBundle.h"; sourceTree = "<group>"; };
		E49CEB72222E533200AC812D /* IJSExtension.h */ = {isa = PBXFileReference; fileEncoding = 4; lastKnownFileType = sourcecode.c.h; path = IJSExtension.h; sourceTree = "<group>"; };
		E49CEB73222E533200AC812D /* UIView+IJSUUIView.m */ = {isa = PBXFileReference; fileEncoding = 4; lastKnownFileType = sourcecode.c.objc; path = "UIView+IJSUUIView.m"; sourceTree = "<group>"; };
		E49CEB74222E533200AC812D /* CALayer+IJSULayer.h */ = {isa = PBXFileReference; fileEncoding = 4; lastKnownFileType = sourcecode.c.h; path = "CALayer+IJSULayer.h"; sourceTree = "<group>"; };
		E49CEB75222E533200AC812D /* UIImage+IJSUImage.h */ = {isa = PBXFileReference; fileEncoding = 4; lastKnownFileType = sourcecode.c.h; path = "UIImage+IJSUImage.h"; sourceTree = "<group>"; };
		E49CEB76222E533200AC812D /* UIBarButtonItem+IJSUUIBarBtItem.h */ = {isa = PBXFileReference; fileEncoding = 4; lastKnownFileType = sourcecode.c.h; path = "UIBarButtonItem+IJSUUIBarBtItem.h"; sourceTree = "<group>"; };
		E49CEB77222E533200AC812D /* NSError+IJSError.m */ = {isa = PBXFileReference; fileEncoding = 4; lastKnownFileType = sourcecode.c.objc; path = "NSError+IJSError.m"; sourceTree = "<group>"; };
		E49CEB78222E533200AC812D /* UITextField+IJSUTextField.m */ = {isa = PBXFileReference; fileEncoding = 4; lastKnownFileType = sourcecode.c.objc; path = "UITextField+IJSUTextField.m"; sourceTree = "<group>"; };
		E49CEB79222E533200AC812D /* IJSAlertViewController.h */ = {isa = PBXFileReference; fileEncoding = 4; lastKnownFileType = sourcecode.c.h; path = IJSAlertViewController.h; sourceTree = "<group>"; };
		E49CEB7A222E533200AC812D /* IJSUConst.h */ = {isa = PBXFileReference; fileEncoding = 4; lastKnownFileType = sourcecode.c.h; path = IJSUConst.h; sourceTree = "<group>"; };
		E49CEB7B222E533200AC812D /* NSObject+IJSUKeyValue.m */ = {isa = PBXFileReference; fileEncoding = 4; lastKnownFileType = sourcecode.c.objc; path = "NSObject+IJSUKeyValue.m"; sourceTree = "<group>"; };
		E49CEB7C222E533200AC812D /* UINavigationController+IJSNavigationController.m */ = {isa = PBXFileReference; fileEncoding = 4; lastKnownFileType = sourcecode.c.objc; path = "UINavigationController+IJSNavigationController.m"; sourceTree = "<group>"; };
		E49CEB7D222E533200AC812D /* UIButton+IJSUButton.h */ = {isa = PBXFileReference; fileEncoding = 4; lastKnownFileType = sourcecode.c.h; path = "UIButton+IJSUButton.h"; sourceTree = "<group>"; };
		E49CEB7E222E533200AC812D /* IJSLodingView.h */ = {isa = PBXFileReference; fileEncoding = 4; lastKnownFileType = sourcecode.c.h; path = IJSLodingView.h; sourceTree = "<group>"; };
		E49CEB7F222E533200AC812D /* IJSNotificationCenterString.h */ = {isa = PBXFileReference; fileEncoding = 4; lastKnownFileType = sourcecode.c.h; path = IJSNotificationCenterString.h; sourceTree = "<group>"; };
		E49CEB92222E540400AC812D /* IJSFoundation.framework */ = {isa = PBXFileReference; lastKnownFileType = wrapper.framework; path = IJSFoundation.framework; sourceTree = "<group>"; };
		E49CEB95222E553500AC812D /* IJSAlbumPickerController.m */ = {isa = PBXFileReference; fileEncoding = 4; lastKnownFileType = sourcecode.c.objc; path = IJSAlbumPickerController.m; sourceTree = "<group>"; };
		E49CEB96222E553500AC812D /* IJSAlbumPickerController.h */ = {isa = PBXFileReference; fileEncoding = 4; lastKnownFileType = sourcecode.c.h; path = IJSAlbumPickerController.h; sourceTree = "<group>"; };
		E49CEB98222E555800AC812D /* IJSImagePickerController.m */ = {isa = PBXFileReference; fileEncoding = 4; lastKnownFileType = sourcecode.c.objc; path = IJSImagePickerController.m; sourceTree = "<group>"; };
		E49CEB99222E555800AC812D /* IJSImagePickerController.h */ = {isa = PBXFileReference; fileEncoding = 4; lastKnownFileType = sourcecode.c.h; path = IJSImagePickerController.h; sourceTree = "<group>"; };
		E49CEB9B222E559700AC812D /* IJSPhotoPreviewController.m */ = {isa = PBXFileReference; fileEncoding = 4; lastKnownFileType = sourcecode.c.objc; path = IJSPhotoPreviewController.m; sourceTree = "<group>"; };
		E49CEB9C222E559700AC812D /* IJSPhotoPreviewController.h */ = {isa = PBXFileReference; fileEncoding = 4; lastKnownFileType = sourcecode.c.h; path = IJSPhotoPreviewController.h; sourceTree = "<group>"; };
		E49CEB9E222E55C900AC812D /* IJSPhotoPickerController.h */ = {isa = PBXFileReference; fileEncoding = 4; lastKnownFileType = sourcecode.c.h; path = IJSPhotoPickerController.h; sourceTree = "<group>"; };
		E49CEB9F222E55C900AC812D /* IJSPhotoPickerController.m */ = {isa = PBXFileReference; fileEncoding = 4; lastKnownFileType = sourcecode.c.objc; path = IJSPhotoPickerController.m; sourceTree = "<group>"; };
		E49CEBAD222E569E00AC812D /* IJSPhotoPickerCell.m */ = {isa = PBXFileReference; fileEncoding = 4; lastKnownFileType = sourcecode.c.objc; path = IJSPhotoPickerCell.m; sourceTree = "<group>"; };
		E49CEBAE222E569E00AC812D /* IJSAlbumPickerCell.h */ = {isa = PBXFileReference; fileEncoding = 4; lastKnownFileType = sourcecode.c.h; path = IJSAlbumPickerCell.h; sourceTree = "<group>"; };
		E49CEBAF222E569E00AC812D /* IJSPreviewVideoView.h */ = {isa = PBXFileReference; fileEncoding = 4; lastKnownFileType = sourcecode.c.h; path = IJSPreviewVideoView.h; sourceTree = "<group>"; };
		E49CEBB0222E569E00AC812D /* IJSSelectedCell.h */ = {isa = PBXFileReference; fileEncoding = 4; lastKnownFileType = sourcecode.c.h; path = IJSSelectedCell.h; sourceTree = "<group>"; };
		E49CEBB1222E569E00AC812D /* IJSPreviewGifView.h */ = {isa = PBXFileReference; fileEncoding = 4; lastKnownFileType = sourcecode.c.h; path = IJSPreviewGifView.h; sourceTree = "<group>"; };
		E49CEBB2222E569E00AC812D /* IJSAlbumPickerCell.m */ = {isa = PBXFileReference; fileEncoding = 4; lastKnownFileType = sourcecode.c.objc; path = IJSAlbumPickerCell.m; sourceTree = "<group>"; };
		E49CEBB3222E569E00AC812D /* IJSPreviewLivePhotoView.h */ = {isa = PBXFileReference; fileEncoding = 4; lastKnownFileType = sourcecode.c.h; path = IJSPreviewLivePhotoView.h; sourceTree = "<group>"; };
		E49CEBB4222E569E00AC812D /* IJSSelectedCell.m */ = {isa = PBXFileReference; fileEncoding = 4; lastKnownFileType = sourcecode.c.objc; path = IJSSelectedCell.m; sourceTree = "<group>"; };
		E49CEBB5222E569E00AC812D /* IJSPreviewImageCell.h */ = {isa = PBXFileReference; fileEncoding = 4; lastKnownFileType = sourcecode.c.h; path = IJSPreviewImageCell.h; sourceTree = "<group>"; };
		E49CEBB6222E569E00AC812D /* IJSPreviewImageCell.m */ = {isa = PBXFileReference; fileEncoding = 4; lastKnownFileType = sourcecode.c.objc; path = IJSPreviewImageCell.m; sourceTree = "<group>"; };
		E49CEBB7222E569E00AC812D /* IJSPhotoPickerCell.h */ = {isa = PBXFileReference; fileEncoding = 4; lastKnownFileType = sourcecode.c.h; path = IJSPhotoPickerCell.h; sourceTree = "<group>"; };
		E49CEBB8222E569E00AC812D /* IJSPreviewGifView.m */ = {isa = PBXFileReference; fileEncoding = 4; lastKnownFileType = sourcecode.c.objc; path = IJSPreviewGifView.m; sourceTree = "<group>"; };
		E49CEBB9222E569E00AC812D /* IJSPreviewLivePhotoView.m */ = {isa = PBXFileReference; fileEncoding = 4; lastKnownFileType = sourcecode.c.objc; path = IJSPreviewLivePhotoView.m; sourceTree = "<group>"; };
		E49CEBBA222E569E00AC812D /* IJSPreviewVideoView.m */ = {isa = PBXFileReference; fileEncoding = 4; lastKnownFileType = sourcecode.c.objc; path = IJSPreviewVideoView.m; sourceTree = "<group>"; };
		E49CEBC3222E56F600AC812D /* IJSMapViewModel.m */ = {isa = PBXFileReference; fileEncoding = 4; lastKnownFileType = sourcecode.c.objc; path = IJSMapViewModel.m; sourceTree = "<group>"; };
		E49CEBC4222E56F600AC812D /* IJSMapViewModel.h */ = {isa = PBXFileReference; fileEncoding = 4; lastKnownFileType = sourcecode.c.h; path = IJSMapViewModel.h; sourceTree = "<group>"; };
		E49CEBC6222E571700AC812D /* IJSImageManagerController.h */ = {isa = PBXFileReference; fileEncoding = 4; lastKnownFileType = sourcecode.c.h; path = IJSImageManagerController.h; sourceTree = "<group>"; };
		E49CEBC7222E571700AC812D /* IJSImageManagerController.m */ = {isa = PBXFileReference; fileEncoding = 4; lastKnownFileType = sourcecode.c.objc; path = IJSImageManagerController.m; sourceTree = "<group>"; };
		E49CEBCD222E5BE300AC812D /* JSPhotoSDK.bundle */ = {isa = PBXFileReference; lastKnownFileType = "wrapper.plug-in"; path = JSPhotoSDK.bundle; sourceTree = "<group>"; };
		E616FE70C432DF5DFDB1D042 /* Pods-ZZToolsDemo.debug.xcconfig */ = {isa = PBXFileReference; includeInIndex = 1; lastKnownFileType = text.xcconfig; name = "Pods-ZZToolsDemo.debug.xcconfig"; path = "Target Support Files/Pods-ZZToolsDemo/Pods-ZZToolsDemo.debug.xcconfig"; sourceTree = "<group>"; };
/* End PBXFileReference section */

/* Begin PBXFrameworksBuildPhase section */
		3AA1BA9E21F6C61400833ECA /* Frameworks */ = {
			isa = PBXFrameworksBuildPhase;
			buildActionMask = 2147483647;
			files = (
				E49CEB93222E540400AC812D /* IJSFoundation.framework in Frameworks */,
				27E18B62912C88865725476E /* libPods-ZZToolsDemo.a in Frameworks */,
			);
			runOnlyForDeploymentPostprocessing = 0;
		};
/* End PBXFrameworksBuildPhase section */

/* Begin PBXGroup section */
		26F003495F53ED22BB2F3A32 /* Pods */ = {
			isa = PBXGroup;
			children = (
				E616FE70C432DF5DFDB1D042 /* Pods-ZZToolsDemo.debug.xcconfig */,
				817DC901F7C64119D1FE199A /* Pods-ZZToolsDemo.release.xcconfig */,
			);
			path = Pods;
			sourceTree = "<group>";
		};
		3AA1BA9821F6C61400833ECA = {
			isa = PBXGroup;
			children = (
				3AA1BAA321F6C61400833ECA /* ZZToolsDemo */,
				3AA1BAA221F6C61400833ECA /* Products */,
				26F003495F53ED22BB2F3A32 /* Pods */,
				41DEF5B410343387244795A2 /* Frameworks */,
			);
			sourceTree = "<group>";
		};
		3AA1BAA221F6C61400833ECA /* Products */ = {
			isa = PBXGroup;
			children = (
				3AA1BAA121F6C61400833ECA /* ZZToolsDemo.app */,
			);
			name = Products;
			sourceTree = "<group>";
		};
		3AA1BAA321F6C61400833ECA /* ZZToolsDemo */ = {
			isa = PBXGroup;
			children = (
				3AA1BABB21F6C6C800833ECA /* App */,
				3AA1BABF21F6C71700833ECA /* Demo */,
				3AA1BABC21F6C71700833ECA /* ZZTools */,
			);
			path = ZZToolsDemo;
			sourceTree = "<group>";
		};
		3AA1BABB21F6C6C800833ECA /* App */ = {
			isa = PBXGroup;
			children = (
				3AA1BAA421F6C61400833ECA /* AppDelegate.h */,
				3AA1BAA521F6C61400833ECA /* AppDelegate.m */,
				3AA1BAAA21F6C61400833ECA /* Main.storyboard */,
				3AA1BAAD21F6C61500833ECA /* Assets.xcassets */,
				3AA1BAAF21F6C61500833ECA /* LaunchScreen.storyboard */,
				3AA1BAB221F6C61500833ECA /* Info.plist */,
				3AA1BAB321F6C61500833ECA /* main.m */,
			);
			name = App;
			sourceTree = "<group>";
		};
		3AA1BABC21F6C71700833ECA /* ZZTools */ = {
			isa = PBXGroup;
			children = (
				3AA1BAD321F6C94700833ECA /* ZZTools.h */,
				E49CEB52222E4CC000AC812D /* ZZPrivateHeader */,
				E49CEB51222E4AE400AC812D /* ZZPhotoPicker */,
				E45ED2D722115EB4009D9A8C /* ZZRouter */,
				E434705E2204580D001584C6 /* ZZStarView */,
				3AA1BAD221F6C85200833ECA /* ZZLayout */,
			);
			path = ZZTools;
			sourceTree = "<group>";
		};
		3AA1BABF21F6C71700833ECA /* Demo */ = {
			isa = PBXGroup;
			children = (
				3AA1BAA721F6C61400833ECA /* ViewController.h */,
				3AA1BAA821F6C61400833ECA /* ViewController.m */,
				3AA1BAC021F6C71700833ECA /* Controller */,
				3AA1BACA21F6C71700833ECA /* View */,
				E42827DA2206BD1C00BF7657 /* Model */,
			);
			path = Demo;
			sourceTree = "<group>";
		};
		3AA1BAC021F6C71700833ECA /* Controller */ = {
			isa = PBXGroup;
			children = (
				E43470622204586B001584C6 /* ZZStarViewVC */,
				3AA1BAC121F6C71700833ECA /* ZZVerticalVC */,
				3AA1BAC421F6C71700833ECA /* ZZHorizontalVC */,
				3AA1BAC721F6C71700833ECA /* ZZAutomateFloatVC */,
			);
			path = Controller;
			sourceTree = "<group>";
		};
		3AA1BAC121F6C71700833ECA /* ZZVerticalVC */ = {
			isa = PBXGroup;
			children = (
				3AA1BAC221F6C71700833ECA /* ZZVerticalVC.h */,
				3AA1BAC321F6C71700833ECA /* ZZVerticalVC.m */,
			);
			path = ZZVerticalVC;
			sourceTree = "<group>";
		};
		3AA1BAC421F6C71700833ECA /* ZZHorizontalVC */ = {
			isa = PBXGroup;
			children = (
				3AA1BAC521F6C71700833ECA /* ZZHorizontalVC.h */,
				3AA1BAC621F6C71700833ECA /* ZZHorizontalVC.m */,
			);
			path = ZZHorizontalVC;
			sourceTree = "<group>";
		};
		3AA1BAC721F6C71700833ECA /* ZZAutomateFloatVC */ = {
			isa = PBXGroup;
			children = (
				3AA1BAC921F6C71700833ECA /* ZZAutomateFloatVC.h */,
				3AA1BAC821F6C71700833ECA /* ZZAutomateFloatVC.m */,
			);
			path = ZZAutomateFloatVC;
			sourceTree = "<group>";
		};
		3AA1BACA21F6C71700833ECA /* View */ = {
			isa = PBXGroup;
			children = (
				3AA1BACB21F6C71700833ECA /* ZZCollectionHeaderView.h */,
				3AA1BACC21F6C71700833ECA /* ZZCollectionHeaderView.m */,
				E42827DE2206D61D00BF7657 /* ZZCollectionFooterView.h */,
				E42827DF2206D61D00BF7657 /* ZZCollectionFooterView.m */,
				E42827D72206BB7200BF7657 /* ZZCollectionViewCell.h */,
				E42827D82206BB7200BF7657 /* ZZCollectionViewCell.m */,
			);
			path = View;
			sourceTree = "<group>";
		};
		3AA1BAD221F6C85200833ECA /* ZZLayout */ = {
			isa = PBXGroup;
			children = (
				3AA1BABE21F6C71700833ECA /* ZZLayout.h */,
				3AA1BABD21F6C71700833ECA /* ZZLayout.m */,
			);
			path = ZZLayout;
			sourceTree = "<group>";
		};
		41DEF5B410343387244795A2 /* Frameworks */ = {
			isa = PBXGroup;
			children = (
				531B2E0A9E788A0F606AD5F8 /* libPods-ZZToolsDemo.a */,
			);
			name = Frameworks;
			sourceTree = "<group>";
		};
		E42827DA2206BD1C00BF7657 /* Model */ = {
			isa = PBXGroup;
			children = (
				E42827DB2206BD2900BF7657 /* ZZModel.h */,
				E42827DC2206BD2900BF7657 /* ZZModel.m */,
			);
			path = Model;
			sourceTree = "<group>";
		};
		E434705E2204580D001584C6 /* ZZStarView */ = {
			isa = PBXGroup;
			children = (
				E434705F2204581B001584C6 /* ZZStarView.h */,
				E43470602204581B001584C6 /* ZZStarView.m */,
			);
			path = ZZStarView;
			sourceTree = "<group>";
		};
		E43470622204586B001584C6 /* ZZStarViewVC */ = {
			isa = PBXGroup;
			children = (
				E43470632204587A001584C6 /* ZZStarViewVC.h */,
				E43470642204587A001584C6 /* ZZStarViewVC.m */,
			);
			path = ZZStarViewVC;
			sourceTree = "<group>";
		};
		E45ED2D722115EB4009D9A8C /* ZZRouter */ = {
			isa = PBXGroup;
			children = (
				E45ED2D822115F92009D9A8C /* ZZRouter.h */,
				E45ED2D922115F92009D9A8C /* ZZRouter.m */,
			);
			path = ZZRouter;
			sourceTree = "<group>";
		};
		E49CEB51222E4AE400AC812D /* ZZPhotoPicker */ = {
			isa = PBXGroup;
			children = (
				E49CEB94222E551600AC812D /* Controller */,
				E49CEBC2222E56DF00AC812D /* ViewModel */,
				E49CEB57222E523000AC812D /* Model */,
				E49CEB8D222E53A300AC812D /* View */,
				E49CEBCC222E5BD900AC812D /* Resources */,
				E49CEB63222E533200AC812D /* IJSUExtension */,
				E49CEB5E222E530C00AC812D /* ConstantFile */,
				E49CEB91222E53DF00AC812D /* Required */,
			);
			path = ZZPhotoPicker;
			sourceTree = "<group>";
		};
		E49CEB52222E4CC000AC812D /* ZZPrivateHeader */ = {
			isa = PBXGroup;
			children = (
				E49CEB53222E4CF100AC812D /* ZZPrivateHeader.h */,
			);
			path = ZZPrivateHeader;
			sourceTree = "<group>";
		};
		E49CEB57222E523000AC812D /* Model */ = {
			isa = PBXGroup;
			children = (
				E49CEB58222E523000AC812D /* IJSAlbumModel.m */,
				E49CEB59222E523000AC812D /* IJSAssetModel.h */,
				E49CEB5A222E523000AC812D /* IJSAlbumModel.h */,
				E49CEB5B222E523000AC812D /* IJSAssetModel.m */,
			);
			path = Model;
			sourceTree = "<group>";
		};
		E49CEB5E222E530C00AC812D /* ConstantFile */ = {
			isa = PBXGroup;
			children = (
				E49CEB5F222E530C00AC812D /* IJSImageManager.m */,
				E49CEB60222E530C00AC812D /* IJSConst.h */,
				E49CEB61222E530C00AC812D /* IJSImageManager.h */,
			);
			path = ConstantFile;
			sourceTree = "<group>";
		};
		E49CEB63222E533200AC812D /* IJSUExtension */ = {
			isa = PBXGroup;
			children = (
				E49CEB64222E533200AC812D /* UIView+IJSUUIView.h */,
				E49CEB65222E533200AC812D /* NSBundle+IJSUBundle.m */,
				E49CEB66222E533200AC812D /* UIBarButtonItem+IJSUUIBarBtItem.m */,
				E49CEB67222E533200AC812D /* UIImage+IJSUImage.m */,
				E49CEB68222E533200AC812D /* CALayer+IJSULayer.m */,
				E49CEB69222E533200AC812D /* IJSAlertViewController.m */,
				E49CEB6A222E533200AC812D /* UITextField+IJSUTextField.h */,
				E49CEB6B222E533200AC812D /* NSError+IJSError.h */,
				E49CEB6C222E533200AC812D /* IJSNotificationCenterString.m */,
				E49CEB6D222E533200AC812D /* IJSLodingView.m */,
				E49CEB6E222E533200AC812D /* UIButton+IJSUButton.m */,
				E49CEB6F222E533200AC812D /* UINavigationController+IJSNavigationController.h */,
				E49CEB70222E533200AC812D /* NSObject+IJSUKeyValue.h */,
				E49CEB71222E533200AC812D /* NSBundle+IJSUBundle.h */,
				E49CEB72222E533200AC812D /* IJSExtension.h */,
				E49CEB73222E533200AC812D /* UIView+IJSUUIView.m */,
				E49CEB74222E533200AC812D /* CALayer+IJSULayer.h */,
				E49CEB75222E533200AC812D /* UIImage+IJSUImage.h */,
				E49CEB76222E533200AC812D /* UIBarButtonItem+IJSUUIBarBtItem.h */,
				E49CEB77222E533200AC812D /* NSError+IJSError.m */,
				E49CEB78222E533200AC812D /* UITextField+IJSUTextField.m */,
				E49CEB79222E533200AC812D /* IJSAlertViewController.h */,
				E49CEB7A222E533200AC812D /* IJSUConst.h */,
				E49CEB7B222E533200AC812D /* NSObject+IJSUKeyValue.m */,
				E49CEB7C222E533200AC812D /* UINavigationController+IJSNavigationController.m */,
				E49CEB7D222E533200AC812D /* UIButton+IJSUButton.h */,
				E49CEB7E222E533200AC812D /* IJSLodingView.h */,
				E49CEB7F222E533200AC812D /* IJSNotificationCenterString.h */,
			);
			path = IJSUExtension;
			sourceTree = "<group>";
		};
		E49CEB8D222E53A300AC812D /* View */ = {
			isa = PBXGroup;
			children = (
				E49CEBAE222E569E00AC812D /* IJSAlbumPickerCell.h */,
				E49CEBB2222E569E00AC812D /* IJSAlbumPickerCell.m */,
				E49CEBB7222E569E00AC812D /* IJSPhotoPickerCell.h */,
				E49CEBAD222E569E00AC812D /* IJSPhotoPickerCell.m */,
				E49CEBB1222E569E00AC812D /* IJSPreviewGifView.h */,
				E49CEBB8222E569E00AC812D /* IJSPreviewGifView.m */,
				E49CEBB5222E569E00AC812D /* IJSPreviewImageCell.h */,
				E49CEBB6222E569E00AC812D /* IJSPreviewImageCell.m */,
				E49CEBB3222E569E00AC812D /* IJSPreviewLivePhotoView.h */,
				E49CEBB9222E569E00AC812D /* IJSPreviewLivePhotoView.m */,
				E49CEBAF222E569E00AC812D /* IJSPreviewVideoView.h */,
				E49CEBBA222E569E00AC812D /* IJSPreviewVideoView.m */,
				E49CEBB0222E569E00AC812D /* IJSSelectedCell.h */,
				E49CEBB4222E569E00AC812D /* IJSSelectedCell.m */,
			);
			path = View;
			sourceTree = "<group>";
		};
		E49CEB91222E53DF00AC812D /* Required */ = {
			isa = PBXGroup;
			children = (
				E49CEB92222E540400AC812D /* IJSFoundation.framework */,
			);
			path = Required;
			sourceTree = "<group>";
		};
		E49CEB94222E551600AC812D /* Controller */ = {
			isa = PBXGroup;
			children = (
				E49CEB54222E4FA900AC812D /* ZZPhotoPickerVC.h */,
				E49CEB55222E4FA900AC812D /* ZZPhotoPickerVC.m */,
				E49CEB96222E553500AC812D /* IJSAlbumPickerController.h */,
				E49CEB95222E553500AC812D /* IJSAlbumPickerController.m */,
				E49CEB99222E555800AC812D /* IJSImagePickerController.h */,
				E49CEB98222E555800AC812D /* IJSImagePickerController.m */,
				E49CEB9C222E559700AC812D /* IJSPhotoPreviewController.h */,
				E49CEB9B222E559700AC812D /* IJSPhotoPreviewController.m */,
				E49CEB9E222E55C900AC812D /* IJSPhotoPickerController.h */,
				E49CEB9F222E55C900AC812D /* IJSPhotoPickerController.m */,
				E49CEBC6222E571700AC812D /* IJSImageManagerController.h */,
				E49CEBC7222E571700AC812D /* IJSImageManagerController.m */,
			);
			path = Controller;
			sourceTree = "<group>";
		};
		E49CEBC2222E56DF00AC812D /* ViewModel */ = {
			isa = PBXGroup;
			children = (
				E49CEBC4222E56F600AC812D /* IJSMapViewModel.h */,
				E49CEBC3222E56F600AC812D /* IJSMapViewModel.m */,
			);
			path = ViewModel;
			sourceTree = "<group>";
		};
		E49CEBCC222E5BD900AC812D /* Resources */ = {
			isa = PBXGroup;
			children = (
				E49CEBCD222E5BE300AC812D /* JSPhotoSDK.bundle */,
			);
			path = Resources;
			sourceTree = "<group>";
		};
/* End PBXGroup section */

/* Begin PBXNativeTarget section */
		3AA1BAA021F6C61400833ECA /* ZZToolsDemo */ = {
			isa = PBXNativeTarget;
			buildConfigurationList = 3AA1BAB721F6C61500833ECA /* Build configuration list for PBXNativeTarget "ZZToolsDemo" */;
			buildPhases = (
				D47BE7D5BA30916E6DECA9DB /* [CP] Check Pods Manifest.lock */,
				3AA1BA9D21F6C61400833ECA /* Sources */,
				3AA1BA9E21F6C61400833ECA /* Frameworks */,
				3AA1BA9F21F6C61400833ECA /* Resources */,
				0AD655C26FAAFAC353310E2F /* [CP] Copy Pods Resources */,
			);
			buildRules = (
			);
			dependencies = (
			);
			name = ZZToolsDemo;
			productName = ZZToolsDemo;
			productReference = 3AA1BAA121F6C61400833ECA /* ZZToolsDemo.app */;
			productType = "com.apple.product-type.application";
		};
/* End PBXNativeTarget section */

/* Begin PBXProject section */
		3AA1BA9921F6C61400833ECA /* Project object */ = {
			isa = PBXProject;
			attributes = {
				LastUpgradeCheck = 1010;
				ORGANIZATIONNAME = "刘猛";
				TargetAttributes = {
					3AA1BAA021F6C61400833ECA = {
						CreatedOnToolsVersion = 10.1;
					};
				};
			};
			buildConfigurationList = 3AA1BA9C21F6C61400833ECA /* Build configuration list for PBXProject "ZZToolsDemo" */;
			compatibilityVersion = "Xcode 9.3";
			developmentRegion = en;
			hasScannedForEncodings = 0;
			knownRegions = (
				en,
				Base,
			);
			mainGroup = 3AA1BA9821F6C61400833ECA;
			productRefGroup = 3AA1BAA221F6C61400833ECA /* Products */;
			projectDirPath = "";
			projectRoot = "";
			targets = (
				3AA1BAA021F6C61400833ECA /* ZZToolsDemo */,
			);
		};
/* End PBXProject section */

/* Begin PBXResourcesBuildPhase section */
		3AA1BA9F21F6C61400833ECA /* Resources */ = {
			isa = PBXResourcesBuildPhase;
			buildActionMask = 2147483647;
			files = (
				3AA1BAB121F6C61500833ECA /* LaunchScreen.storyboard in Resources */,
				3AA1BAAE21F6C61500833ECA /* Assets.xcassets in Resources */,
				E49CEBCE222E5BE300AC812D /* JSPhotoSDK.bundle in Resources */,
				3AA1BAAC21F6C61400833ECA /* Main.storyboard in Resources */,
			);
			runOnlyForDeploymentPostprocessing = 0;
		};
/* End PBXResourcesBuildPhase section */

/* Begin PBXShellScriptBuildPhase section */
		0AD655C26FAAFAC353310E2F /* [CP] Copy Pods Resources */ = {
			isa = PBXShellScriptBuildPhase;
			buildActionMask = 2147483647;
			files = (
			);
			inputFileListPaths = (
			);
			inputPaths = (
				"${PODS_ROOT}/Target Support Files/Pods-ZZToolsDemo/Pods-ZZToolsDemo-resources.sh",
				"${PODS_ROOT}/MJRefresh/MJRefresh/MJRefresh.bundle",
			);
			name = "[CP] Copy Pods Resources";
			outputFileListPaths = (
			);
			outputPaths = (
				"${TARGET_BUILD_DIR}/${UNLOCALIZED_RESOURCES_FOLDER_PATH}/MJRefresh.bundle",
			);
			runOnlyForDeploymentPostprocessing = 0;
			shellPath = /bin/sh;
			shellScript = "\"${PODS_ROOT}/Target Support Files/Pods-ZZToolsDemo/Pods-ZZToolsDemo-resources.sh\"\n";
			showEnvVarsInLog = 0;
		};
		D47BE7D5BA30916E6DECA9DB /* [CP] Check Pods Manifest.lock */ = {
			isa = PBXShellScriptBuildPhase;
			buildActionMask = 2147483647;
			files = (
			);
			inputFileListPaths = (
			);
			inputPaths = (
				"${PODS_PODFILE_DIR_PATH}/Podfile.lock",
				"${PODS_ROOT}/Manifest.lock",
			);
			name = "[CP] Check Pods Manifest.lock";
			outputFileListPaths = (
			);
			outputPaths = (
				"$(DERIVED_FILE_DIR)/Pods-ZZToolsDemo-checkManifestLockResult.txt",
			);
			runOnlyForDeploymentPostprocessing = 0;
			shellPath = /bin/sh;
			shellScript = "diff \"${PODS_PODFILE_DIR_PATH}/Podfile.lock\" \"${PODS_ROOT}/Manifest.lock\" > /dev/null\nif [ $? != 0 ] ; then\n    # print error to STDERR\n    echo \"error: The sandbox is not in sync with the Podfile.lock. Run 'pod install' or update your CocoaPods installation.\" >&2\n    exit 1\nfi\n# This output is used by Xcode 'outputs' to avoid re-running this script phase.\necho \"SUCCESS\" > \"${SCRIPT_OUTPUT_FILE_0}\"\n";
			showEnvVarsInLog = 0;
		};
/* End PBXShellScriptBuildPhase section */

/* Begin PBXSourcesBuildPhase section */
		3AA1BA9D21F6C61400833ECA /* Sources */ = {
			isa = PBXSourcesBuildPhase;
			buildActionMask = 2147483647;
			files = (
				E49CEB87222E533200AC812D /* UIButton+IJSUButton.m in Sources */,
				E49CEBBC222E569E00AC812D /* IJSAlbumPickerCell.m in Sources */,
				E49CEBBB222E569E00AC812D /* IJSPhotoPickerCell.m in Sources */,
				E49CEB81222E533200AC812D /* UIBarButtonItem+IJSUUIBarBtItem.m in Sources */,
				E49CEB8C222E533200AC812D /* UINavigationController+IJSNavigationController.m in Sources */,
				E49CEB97222E553500AC812D /* IJSAlbumPickerController.m in Sources */,
				E49CEBC1222E569E00AC812D /* IJSPreviewVideoView.m in Sources */,
				E49CEB5D222E523000AC812D /* IJSAssetModel.m in Sources */,
				E42827D92206BB7200BF7657 /* ZZCollectionViewCell.m in Sources */,
				E49CEB88222E533200AC812D /* UIView+IJSUUIView.m in Sources */,
				3AA1BAA921F6C61400833ECA /* ViewController.m in Sources */,
				E49CEBC5222E56F600AC812D /* IJSMapViewModel.m in Sources */,
				E49CEB83222E533200AC812D /* CALayer+IJSULayer.m in Sources */,
				E49CEB5C222E523000AC812D /* IJSAlbumModel.m in Sources */,
				E49CEBA0222E55C900AC812D /* IJSPhotoPickerController.m in Sources */,
				E49CEB80222E533200AC812D /* NSBundle+IJSUBundle.m in Sources */,
				E49CEB9D222E559700AC812D /* IJSPhotoPreviewController.m in Sources */,
				3AA1BAD021F6C71700833ECA /* ZZAutomateFloatVC.m in Sources */,
				E43DDCFD2205341E00DC41C0 /* ZZStarView.m in Sources */,
				E49CEB89222E533200AC812D /* NSError+IJSError.m in Sources */,
				E49CEB86222E533200AC812D /* IJSLodingView.m in Sources */,
				3AA1BAB421F6C61500833ECA /* main.m in Sources */,
				E49CEBBE222E569E00AC812D /* IJSPreviewImageCell.m in Sources */,
				E49CEB82222E533200AC812D /* UIImage+IJSUImage.m in Sources */,
				E42827DD2206BD2900BF7657 /* ZZModel.m in Sources */,
				E45ED2DA22115F92009D9A8C /* ZZRouter.m in Sources */,
				E42827E02206D61D00BF7657 /* ZZCollectionFooterView.m in Sources */,
				E49CEB8B222E533200AC812D /* NSObject+IJSUKeyValue.m in Sources */,
				3AA1BACF21F6C71700833ECA /* ZZHorizontalVC.m in Sources */,
				3AA1BACE21F6C71700833ECA /* ZZVerticalVC.m in Sources */,
				E49CEB8A222E533200AC812D /* UITextField+IJSUTextField.m in Sources */,
				E49CEBC0222E569E00AC812D /* IJSPreviewLivePhotoView.m in Sources */,
				3AA1BAA621F6C61400833ECA /* AppDelegate.m in Sources */,
				3AD20664220484050056D3F2 /* ZZStarViewVC.m in Sources */,
				E49CEBBF222E569E00AC812D /* IJSPreviewGifView.m in Sources */,
				E49CEB62222E530C00AC812D /* IJSImageManager.m in Sources */,
				3AA1BACD21F6C71700833ECA /* ZZLayout.m in Sources */,
				3AA1BAD121F6C71700833ECA /* ZZCollectionHeaderView.m in Sources */,
				E49CEB9A222E555800AC812D /* IJSImagePickerController.m in Sources */,
				E49CEB85222E533200AC812D /* IJSNotificationCenterString.m in Sources */,
				E49CEBBD222E569E00AC812D /* IJSSelectedCell.m in Sources */,
				E49CEB56222E4FA900AC812D /* ZZPhotoPickerVC.m in Sources */,
				E49CEBC8222E571800AC812D /* IJSImageManagerController.m in Sources */,
				E49CEB84222E533200AC812D /* IJSAlertViewController.m in Sources */,
			);
			runOnlyForDeploymentPostprocessing = 0;
		};
/* End PBXSourcesBuildPhase section */

/* Begin PBXVariantGroup section */
		3AA1BAAA21F6C61400833ECA /* Main.storyboard */ = {
			isa = PBXVariantGroup;
			children = (
				3AA1BAAB21F6C61400833ECA /* Base */,
			);
			name = Main.storyboard;
			sourceTree = "<group>";
		};
		3AA1BAAF21F6C61500833ECA /* LaunchScreen.storyboard */ = {
			isa = PBXVariantGroup;
			children = (
				3AA1BAB021F6C61500833ECA /* Base */,
			);
			name = LaunchScreen.storyboard;
			sourceTree = "<group>";
		};
/* End PBXVariantGroup section */

/* Begin XCBuildConfiguration section */
		3AA1BAB521F6C61500833ECA /* Debug */ = {
			isa = XCBuildConfiguration;
			buildSettings = {
				ALWAYS_SEARCH_USER_PATHS = NO;
				CLANG_ANALYZER_NONNULL = YES;
				CLANG_ANALYZER_NUMBER_OBJECT_CONVERSION = YES_AGGRESSIVE;
				CLANG_CXX_LANGUAGE_STANDARD = "gnu++14";
				CLANG_CXX_LIBRARY = "libc++";
				CLANG_ENABLE_MODULES = YES;
				CLANG_ENABLE_OBJC_ARC = YES;
				CLANG_ENABLE_OBJC_WEAK = YES;
				CLANG_WARN_BLOCK_CAPTURE_AUTORELEASING = YES;
				CLANG_WARN_BOOL_CONVERSION = YES;
				CLANG_WARN_COMMA = YES;
				CLANG_WARN_CONSTANT_CONVERSION = YES;
				CLANG_WARN_DEPRECATED_OBJC_IMPLEMENTATIONS = YES;
				CLANG_WARN_DIRECT_OBJC_ISA_USAGE = YES_ERROR;
				CLANG_WARN_DOCUMENTATION_COMMENTS = YES;
				CLANG_WARN_EMPTY_BODY = YES;
				CLANG_WARN_ENUM_CONVERSION = YES;
				CLANG_WARN_INFINITE_RECURSION = YES;
				CLANG_WARN_INT_CONVERSION = YES;
				CLANG_WARN_NON_LITERAL_NULL_CONVERSION = YES;
				CLANG_WARN_OBJC_IMPLICIT_RETAIN_SELF = YES;
				CLANG_WARN_OBJC_LITERAL_CONVERSION = YES;
				CLANG_WARN_OBJC_ROOT_CLASS = YES_ERROR;
				CLANG_WARN_RANGE_LOOP_ANALYSIS = YES;
				CLANG_WARN_STRICT_PROTOTYPES = YES;
				CLANG_WARN_SUSPICIOUS_MOVE = YES;
				CLANG_WARN_UNGUARDED_AVAILABILITY = YES_AGGRESSIVE;
				CLANG_WARN_UNREACHABLE_CODE = YES;
				CLANG_WARN__DUPLICATE_METHOD_MATCH = YES;
				CODE_SIGN_IDENTITY = "iPhone Developer";
				COPY_PHASE_STRIP = NO;
				DEBUG_INFORMATION_FORMAT = dwarf;
				ENABLE_STRICT_OBJC_MSGSEND = YES;
				ENABLE_TESTABILITY = YES;
				GCC_C_LANGUAGE_STANDARD = gnu11;
				GCC_DYNAMIC_NO_PIC = NO;
				GCC_NO_COMMON_BLOCKS = YES;
				GCC_OPTIMIZATION_LEVEL = 0;
				GCC_PREPROCESSOR_DEFINITIONS = (
					"DEBUG=1",
					"$(inherited)",
				);
				GCC_WARN_64_TO_32_BIT_CONVERSION = YES;
				GCC_WARN_ABOUT_RETURN_TYPE = YES_ERROR;
				GCC_WARN_UNDECLARED_SELECTOR = YES;
				GCC_WARN_UNINITIALIZED_AUTOS = YES_AGGRESSIVE;
				GCC_WARN_UNUSED_FUNCTION = YES;
				GCC_WARN_UNUSED_VARIABLE = YES;
				IPHONEOS_DEPLOYMENT_TARGET = 12.1;
				MTL_ENABLE_DEBUG_INFO = INCLUDE_SOURCE;
				MTL_FAST_MATH = YES;
				ONLY_ACTIVE_ARCH = YES;
				SDKROOT = iphoneos;
			};
			name = Debug;
		};
		3AA1BAB621F6C61500833ECA /* Release */ = {
			isa = XCBuildConfiguration;
			buildSettings = {
				ALWAYS_SEARCH_USER_PATHS = NO;
				CLANG_ANALYZER_NONNULL = YES;
				CLANG_ANALYZER_NUMBER_OBJECT_CONVERSION = YES_AGGRESSIVE;
				CLANG_CXX_LANGUAGE_STANDARD = "gnu++14";
				CLANG_CXX_LIBRARY = "libc++";
				CLANG_ENABLE_MODULES = YES;
				CLANG_ENABLE_OBJC_ARC = YES;
				CLANG_ENABLE_OBJC_WEAK = YES;
				CLANG_WARN_BLOCK_CAPTURE_AUTORELEASING = YES;
				CLANG_WARN_BOOL_CONVERSION = YES;
				CLANG_WARN_COMMA = YES;
				CLANG_WARN_CONSTANT_CONVERSION = YES;
				CLANG_WARN_DEPRECATED_OBJC_IMPLEMENTATIONS = YES;
				CLANG_WARN_DIRECT_OBJC_ISA_USAGE = YES_ERROR;
				CLANG_WARN_DOCUMENTATION_COMMENTS = YES;
				CLANG_WARN_EMPTY_BODY = YES;
				CLANG_WARN_ENUM_CONVERSION = YES;
				CLANG_WARN_INFINITE_RECURSION = YES;
				CLANG_WARN_INT_CONVERSION = YES;
				CLANG_WARN_NON_LITERAL_NULL_CONVERSION = YES;
				CLANG_WARN_OBJC_IMPLICIT_RETAIN_SELF = YES;
				CLANG_WARN_OBJC_LITERAL_CONVERSION = YES;
				CLANG_WARN_OBJC_ROOT_CLASS = YES_ERROR;
				CLANG_WARN_RANGE_LOOP_ANALYSIS = YES;
				CLANG_WARN_STRICT_PROTOTYPES = YES;
				CLANG_WARN_SUSPICIOUS_MOVE = YES;
				CLANG_WARN_UNGUARDED_AVAILABILITY = YES_AGGRESSIVE;
				CLANG_WARN_UNREACHABLE_CODE = YES;
				CLANG_WARN__DUPLICATE_METHOD_MATCH = YES;
				CODE_SIGN_IDENTITY = "iPhone Developer";
				COPY_PHASE_STRIP = NO;
				DEBUG_INFORMATION_FORMAT = "dwarf-with-dsym";
				ENABLE_NS_ASSERTIONS = NO;
				ENABLE_STRICT_OBJC_MSGSEND = YES;
				GCC_C_LANGUAGE_STANDARD = gnu11;
				GCC_NO_COMMON_BLOCKS = YES;
				GCC_WARN_64_TO_32_BIT_CONVERSION = YES;
				GCC_WARN_ABOUT_RETURN_TYPE = YES_ERROR;
				GCC_WARN_UNDECLARED_SELECTOR = YES;
				GCC_WARN_UNINITIALIZED_AUTOS = YES_AGGRESSIVE;
				GCC_WARN_UNUSED_FUNCTION = YES;
				GCC_WARN_UNUSED_VARIABLE = YES;
				IPHONEOS_DEPLOYMENT_TARGET = 12.1;
				MTL_ENABLE_DEBUG_INFO = NO;
				MTL_FAST_MATH = YES;
				SDKROOT = iphoneos;
				VALIDATE_PRODUCT = YES;
			};
			name = Release;
		};
		3AA1BAB821F6C61500833ECA /* Debug */ = {
			isa = XCBuildConfiguration;
			baseConfigurationReference = E616FE70C432DF5DFDB1D042 /* Pods-ZZToolsDemo.debug.xcconfig */;
			buildSettings = {
				ASSETCATALOG_COMPILER_APPICON_NAME = AppIcon;
				CODE_SIGN_STYLE = Automatic;
				DEVELOPMENT_TEAM = M7SN5JK7US;
				ENABLE_BITCODE = NO;
				FRAMEWORK_SEARCH_PATHS = (
					"$(inherited)",
					"$(PROJECT_DIR)/ZZToolsDemo/ZZTools/ZZPhotoPicker/Required",
				);
				INFOPLIST_FILE = ZZToolsDemo/Info.plist;
				IPHONEOS_DEPLOYMENT_TARGET = 8.0;
				LD_RUNPATH_SEARCH_PATHS = (
					"$(inherited)",
					"@executable_path/Frameworks",
				);
				PRODUCT_BUNDLE_IDENTIFIER = www.zz.com.ZZToolsDemo;
				PRODUCT_NAME = "$(TARGET_NAME)";
				TARGETED_DEVICE_FAMILY = "1,2";
			};
			name = Debug;
		};
		3AA1BAB921F6C61500833ECA /* Release */ = {
			isa = XCBuildConfiguration;
			baseConfigurationReference = 817DC901F7C64119D1FE199A /* Pods-ZZToolsDemo.release.xcconfig */;
			buildSettings = {
				ASSETCATALOG_COMPILER_APPICON_NAME = AppIcon;
				CODE_SIGN_STYLE = Automatic;
				DEVELOPMENT_TEAM = M7SN5JK7US;
				ENABLE_BITCODE = NO;
				FRAMEWORK_SEARCH_PATHS = (
					"$(inherited)",
					"$(PROJECT_DIR)/ZZToolsDemo/ZZTools/ZZPhotoPicker/Required",
				);
				INFOPLIST_FILE = ZZToolsDemo/Info.plist;
				IPHONEOS_DEPLOYMENT_TARGET = 8.0;
				LD_RUNPATH_SEARCH_PATHS = (
					"$(inherited)",
					"@executable_path/Frameworks",
				);
				PRODUCT_BUNDLE_IDENTIFIER = www.zz.com.ZZToolsDemo;
				PRODUCT_NAME = "$(TARGET_NAME)";
				TARGETED_DEVICE_FAMILY = "1,2";
			};
			name = Release;
		};
/* End XCBuildConfiguration section */

/* Begin XCConfigurationList section */
		3AA1BA9C21F6C61400833ECA /* Build configuration list for PBXProject "ZZToolsDemo" */ = {
			isa = XCConfigurationList;
			buildConfigurations = (
				3AA1BAB521F6C61500833ECA /* Debug */,
				3AA1BAB621F6C61500833ECA /* Release */,
			);
			defaultConfigurationIsVisible = 0;
			defaultConfigurationName = Release;
		};
		3AA1BAB721F6C61500833ECA /* Build configuration list for PBXNativeTarget "ZZToolsDemo" */ = {
			isa = XCConfigurationList;
			buildConfigurations = (
				3AA1BAB821F6C61500833ECA /* Debug */,
				3AA1BAB921F6C61500833ECA /* Release */,
			);
			defaultConfigurationIsVisible = 0;
			defaultConfigurationName = Release;
		};
/* End XCConfigurationList section */
	};
	rootObject = 3AA1BA9921F6C61400833ECA /* Project object */;
}
