// !$*UTF8*$!
{
	archiveVersion = 1;
	classes = {
	};
	objectVersion = 51;
	objects = {

/* Begin PBXBuildFile section */
		27E18B62912C88865725476E /* libPods-ZZToolsDemo.a in Frameworks */ = {isa = PBXBuildFile; fileRef = 531B2E0A9E788A0F606AD5F8 /* libPods-ZZToolsDemo.a */; };
		3A09E56022A15C1200F462EC /* UIScrollView+ZZExtension.m in Sources */ = {isa = PBXBuildFile; fileRef = 3A09E55F22A15C1200F462EC /* UIScrollView+ZZExtension.m */; };
		3AA1BAA621F6C61400833ECA /* AppDelegate.m in Sources */ = {isa = PBXBuildFile; fileRef = 3AA1BAA521F6C61400833ECA /* AppDelegate.m */; };
		3AA1BAA921F6C61400833ECA /* ViewController.m in Sources */ = {isa = PBXBuildFile; fileRef = 3AA1BAA821F6C61400833ECA /* ViewController.m */; };
		3AA1BAAC21F6C61400833ECA /* Main.storyboard in Resources */ = {isa = PBXBuildFile; fileRef = 3AA1BAAA21F6C61400833ECA /* Main.storyboard */; };
		3AA1BAAE21F6C61500833ECA /* Assets.xcassets in Resources */ = {isa = PBXBuildFile; fileRef = 3AA1BAAD21F6C61500833ECA /* Assets.xcassets */; };
		3AA1BAB121F6C61500833ECA /* LaunchScreen.storyboard in Resources */ = {isa = PBXBuildFile; fileRef = 3AA1BAAF21F6C61500833ECA /* LaunchScreen.storyboard */; };
		3AA1BAB421F6C61500833ECA /* main.m in Sources */ = {isa = PBXBuildFile; fileRef = 3AA1BAB321F6C61500833ECA /* main.m */; };
		3AA1BACD21F6C71700833ECA /* ZZLayout.m in Sources */ = {isa = PBXBuildFile; fileRef = 3AA1BABD21F6C71700833ECA /* ZZLayout.m */; };
		3AA1BACE21F6C71700833ECA /* ZZVerticalVC.m in Sources */ = {isa = PBXBuildFile; fileRef = 3AA1BAC321F6C71700833ECA /* ZZVerticalVC.m */; };
		3AA1BACF21F6C71700833ECA /* ZZHorizontalVC.m in Sources */ = {isa = PBXBuildFile; fileRef = 3AA1BAC621F6C71700833ECA /* ZZHorizontalVC.m */; };
		3AA1BAD021F6C71700833ECA /* ZZAutomateFloatVC.m in Sources */ = {isa = PBXBuildFile; fileRef = 3AA1BAC821F6C71700833ECA /* ZZAutomateFloatVC.m */; };
		3AA1BAD121F6C71700833ECA /* ZZCollectionHeaderView.m in Sources */ = {isa = PBXBuildFile; fileRef = 3AA1BACC21F6C71700833ECA /* ZZCollectionHeaderView.m */; };
		3AD20664220484050056D3F2 /* ZZStarViewVC.m in Sources */ = {isa = PBXBuildFile; fileRef = E43470642204587A001584C6 /* ZZStarViewVC.m */; };
		8159F811236803C80069163E /* ZZStatusView.m in Sources */ = {isa = PBXBuildFile; fileRef = 8159F80F236803C70069163E /* ZZStatusView.m */; };
		8159F815236804EF0069163E /* UILabel+ZZExtension.m in Sources */ = {isa = PBXBuildFile; fileRef = 8159F813236804EF0069163E /* UILabel+ZZExtension.m */; };
		8159F836236807F30069163E /* NSURLSession+ZZExtension.m in Sources */ = {isa = PBXBuildFile; fileRef = 8159F817236807F20069163E /* NSURLSession+ZZExtension.m */; };
		8159F837236807F30069163E /* UINavigationController+ZZExtension.m in Sources */ = {isa = PBXBuildFile; fileRef = 8159F81B236807F20069163E /* UINavigationController+ZZExtension.m */; };
		8159F838236807F30069163E /* NSAttributedString+ZZExtension.m in Sources */ = {isa = PBXBuildFile; fileRef = 8159F81D236807F20069163E /* NSAttributedString+ZZExtension.m */; };
		8159F839236807F30069163E /* NSDate+ZZExtension.m in Sources */ = {isa = PBXBuildFile; fileRef = 8159F820236807F30069163E /* NSDate+ZZExtension.m */; };
		8159F83A236807F30069163E /* UIControl+ZZExtension.m in Sources */ = {isa = PBXBuildFile; fileRef = 8159F823236807F30069163E /* UIControl+ZZExtension.m */; };
		8159F83D236807F30069163E /* NSString+ZZExtension.m in Sources */ = {isa = PBXBuildFile; fileRef = 8159F82C236807F30069163E /* NSString+ZZExtension.m */; };
		8159F83E236807F30069163E /* UIButton+ZZExtension.m in Sources */ = {isa = PBXBuildFile; fileRef = 8159F82E236807F30069163E /* UIButton+ZZExtension.m */; };
		8159F83F236807F30069163E /* UIImageView+ZZExtension.m in Sources */ = {isa = PBXBuildFile; fileRef = 8159F832236807F30069163E /* UIImageView+ZZExtension.m */; };
		8159F840236807F30069163E /* UITextField+ZZExtension.m in Sources */ = {isa = PBXBuildFile; fileRef = 8159F835236807F30069163E /* UITextField+ZZExtension.m */; };
		8159F843236808490069163E /* ZZTimer.m in Sources */ = {isa = PBXBuildFile; fileRef = 8159F842236808490069163E /* ZZTimer.m */; };
		8159F847236808620069163E /* UIImage+ZZExtension.m in Sources */ = {isa = PBXBuildFile; fileRef = 8159F845236808620069163E /* UIImage+ZZExtension.m */; };
		8159F84D23680BB10069163E /* ZZSuperVC.m in Sources */ = {isa = PBXBuildFile; fileRef = 8159F84B23680BB10069163E /* ZZSuperVC.m */; };
		8159F84E23680BB10069163E /* ZZChildVC.m in Sources */ = {isa = PBXBuildFile; fileRef = 8159F84C23680BB10069163E /* ZZChildVC.m */; };
		81B52C25235839E50092B165 /* ZZJointTableView.m in Sources */ = {isa = PBXBuildFile; fileRef = 81B52C24235839E50092B165 /* ZZJointTableView.m */; };
		81B52C39235839EA0092B165 /* ZZTitleView.m in Sources */ = {isa = PBXBuildFile; fileRef = 81B52C2D235839EA0092B165 /* ZZTitleView.m */; };
		81B52C3A235839EA0092B165 /* UIViewController+ZZExtension.m in Sources */ = {isa = PBXBuildFile; fileRef = 81B52C2E235839EA0092B165 /* UIViewController+ZZExtension.m */; };
		81B52C3B235839EA0092B165 /* ZZContentView.m in Sources */ = {isa = PBXBuildFile; fileRef = 81B52C31235839EA0092B165 /* ZZContentView.m */; };
		81B52C3C235839EA0092B165 /* ZZCollectionView.m in Sources */ = {isa = PBXBuildFile; fileRef = 81B52C32235839EA0092B165 /* ZZCollectionView.m */; };
		81B52C3D235839EA0092B165 /* ZZSegmentStyle.m in Sources */ = {isa = PBXBuildFile; fileRef = 81B52C33235839EA0092B165 /* ZZSegmentStyle.m */; };
		81B52C3E235839EA0092B165 /* ZZScrollSegmentView.m in Sources */ = {isa = PBXBuildFile; fileRef = 81B52C34235839EA0092B165 /* ZZScrollSegmentView.m */; };
		81B52C3F235839EA0092B165 /* ZZScrollPageView.m in Sources */ = {isa = PBXBuildFile; fileRef = 81B52C35235839EA0092B165 /* ZZScrollPageView.m */; };
		81B52C4823583BB40092B165 /* UIView+ZZExtension.m in Sources */ = {isa = PBXBuildFile; fileRef = 81B52C4323583BB40092B165 /* UIView+ZZExtension.m */; };
		81B52C4A23583BB40092B165 /* UIColor+ZZExtension.m in Sources */ = {isa = PBXBuildFile; fileRef = 81B52C4623583BB40092B165 /* UIColor+ZZExtension.m */; };
		E42827D92206BB7200BF7657 /* ZZCollectionViewCell.m in Sources */ = {isa = PBXBuildFile; fileRef = E42827D82206BB7200BF7657 /* ZZCollectionViewCell.m */; };
		E42827DD2206BD2900BF7657 /* ZZModel.m in Sources */ = {isa = PBXBuildFile; fileRef = E42827DC2206BD2900BF7657 /* ZZModel.m */; };
		E42827E02206D61D00BF7657 /* ZZCollectionFooterView.m in Sources */ = {isa = PBXBuildFile; fileRef = E42827DF2206D61D00BF7657 /* ZZCollectionFooterView.m */; };
		E43DDCFD2205341E00DC41C0 /* ZZStarView.m in Sources */ = {isa = PBXBuildFile; fileRef = E43470602204581B001584C6 /* ZZStarView.m */; };
		E45ED2DA22115F92009D9A8C /* ZZRouter.m in Sources */ = {isa = PBXBuildFile; fileRef = E45ED2D922115F92009D9A8C /* ZZRouter.m */; };
		E4984AA622C3BF8A000448B9 /* ZZFPSButton.m in Sources */ = {isa = PBXBuildFile; fileRef = E4984AA422C3BF8A000448B9 /* ZZFPSButton.m */; };
		E4F4A899223640E200491E6E /* ZZMixVC.m in Sources */ = {isa = PBXBuildFile; fileRef = E4F4A898223640E200491E6E /* ZZMixVC.m */; };
/* End PBXBuildFile section */

/* Begin PBXFileReference section */
		3A09E55E22A15C1200F462EC /* UIScrollView+ZZExtension.h */ = {isa = PBXFileReference; lastKnownFileType = sourcecode.c.h; path = "UIScrollView+ZZExtension.h"; sourceTree = "<group>"; };
		3A09E55F22A15C1200F462EC /* UIScrollView+ZZExtension.m */ = {isa = PBXFileReference; lastKnownFileType = sourcecode.c.objc; path = "UIScrollView+ZZExtension.m"; sourceTree = "<group>"; };
		3AA1BAA121F6C61400833ECA /* ZZToolsDemo.app */ = {isa = PBXFileReference; explicitFileType = wrapper.application; includeInIndex = 0; path = ZZToolsDemo.app; sourceTree = BUILT_PRODUCTS_DIR; };
		3AA1BAA421F6C61400833ECA /* AppDelegate.h */ = {isa = PBXFileReference; lastKnownFileType = sourcecode.c.h; path = AppDelegate.h; sourceTree = "<group>"; };
		3AA1BAA521F6C61400833ECA /* AppDelegate.m */ = {isa = PBXFileReference; lastKnownFileType = sourcecode.c.objc; path = AppDelegate.m; sourceTree = "<group>"; };
		3AA1BAA721F6C61400833ECA /* ViewController.h */ = {isa = PBXFileReference; lastKnownFileType = sourcecode.c.h; path = ViewController.h; sourceTree = "<group>"; };
		3AA1BAA821F6C61400833ECA /* ViewController.m */ = {isa = PBXFileReference; lastKnownFileType = sourcecode.c.objc; path = ViewController.m; sourceTree = "<group>"; };
		3AA1BAAB21F6C61400833ECA /* Base */ = {isa = PBXFileReference; lastKnownFileType = file.storyboard; name = Base; path = Base.lproj/Main.storyboard; sourceTree = "<group>"; };
		3AA1BAAD21F6C61500833ECA /* Assets.xcassets */ = {isa = PBXFileReference; lastKnownFileType = folder.assetcatalog; path = Assets.xcassets; sourceTree = "<group>"; };
		3AA1BAB021F6C61500833ECA /* Base */ = {isa = PBXFileReference; lastKnownFileType = file.storyboard; name = Base; path = Base.lproj/LaunchScreen.storyboard; sourceTree = "<group>"; };
		3AA1BAB221F6C61500833ECA /* Info.plist */ = {isa = PBXFileReference; lastKnownFileType = text.plist.xml; path = Info.plist; sourceTree = "<group>"; };
		3AA1BAB321F6C61500833ECA /* main.m */ = {isa = PBXFileReference; lastKnownFileType = sourcecode.c.objc; path = main.m; sourceTree = "<group>"; };
		3AA1BABD21F6C71700833ECA /* ZZLayout.m */ = {isa = PBXFileReference; fileEncoding = 4; lastKnownFileType = sourcecode.c.objc; path = ZZLayout.m; sourceTree = "<group>"; };
		3AA1BABE21F6C71700833ECA /* ZZLayout.h */ = {isa = PBXFileReference; fileEncoding = 4; lastKnownFileType = sourcecode.c.h; path = ZZLayout.h; sourceTree = "<group>"; };
		3AA1BAC221F6C71700833ECA /* ZZVerticalVC.h */ = {isa = PBXFileReference; fileEncoding = 4; lastKnownFileType = sourcecode.c.h; path = ZZVerticalVC.h; sourceTree = "<group>"; };
		3AA1BAC321F6C71700833ECA /* ZZVerticalVC.m */ = {isa = PBXFileReference; fileEncoding = 4; lastKnownFileType = sourcecode.c.objc; path = ZZVerticalVC.m; sourceTree = "<group>"; };
		3AA1BAC521F6C71700833ECA /* ZZHorizontalVC.h */ = {isa = PBXFileReference; fileEncoding = 4; lastKnownFileType = sourcecode.c.h; path = ZZHorizontalVC.h; sourceTree = "<group>"; };
		3AA1BAC621F6C71700833ECA /* ZZHorizontalVC.m */ = {isa = PBXFileReference; fileEncoding = 4; lastKnownFileType = sourcecode.c.objc; path = ZZHorizontalVC.m; sourceTree = "<group>"; };
		3AA1BAC821F6C71700833ECA /* ZZAutomateFloatVC.m */ = {isa = PBXFileReference; fileEncoding = 4; lastKnownFileType = sourcecode.c.objc; path = ZZAutomateFloatVC.m; sourceTree = "<group>"; };
		3AA1BAC921F6C71700833ECA /* ZZAutomateFloatVC.h */ = {isa = PBXFileReference; fileEncoding = 4; lastKnownFileType = sourcecode.c.h; path = ZZAutomateFloatVC.h; sourceTree = "<group>"; };
		3AA1BACB21F6C71700833ECA /* ZZCollectionHeaderView.h */ = {isa = PBXFileReference; fileEncoding = 4; lastKnownFileType = sourcecode.c.h; path = ZZCollectionHeaderView.h; sourceTree = "<group>"; };
		3AA1BACC21F6C71700833ECA /* ZZCollectionHeaderView.m */ = {isa = PBXFileReference; fileEncoding = 4; lastKnownFileType = sourcecode.c.objc; path = ZZCollectionHeaderView.m; sourceTree = "<group>"; };
		3AA1BAD321F6C94700833ECA /* ZZTools.h */ = {isa = PBXFileReference; lastKnownFileType = sourcecode.c.h; path = ZZTools.h; sourceTree = "<group>"; };
		531B2E0A9E788A0F606AD5F8 /* libPods-ZZToolsDemo.a */ = {isa = PBXFileReference; explicitFileType = archive.ar; includeInIndex = 0; path = "libPods-ZZToolsDemo.a"; sourceTree = BUILT_PRODUCTS_DIR; };
		8159F80F236803C70069163E /* ZZStatusView.m */ = {isa = PBXFileReference; fileEncoding = 4; lastKnownFileType = sourcecode.c.objc; path = ZZStatusView.m; sourceTree = "<group>"; };
		8159F810236803C80069163E /* ZZStatusView.h */ = {isa = PBXFileReference; fileEncoding = 4; lastKnownFileType = sourcecode.c.h; path = ZZStatusView.h; sourceTree = "<group>"; };
		8159F813236804EF0069163E /* UILabel+ZZExtension.m */ = {isa = PBXFileReference; fileEncoding = 4; lastKnownFileType = sourcecode.c.objc; path = "UILabel+ZZExtension.m"; sourceTree = "<group>"; };
		8159F814236804EF0069163E /* UILabel+ZZExtension.h */ = {isa = PBXFileReference; fileEncoding = 4; lastKnownFileType = sourcecode.c.h; path = "UILabel+ZZExtension.h"; sourceTree = "<group>"; };
		8159F817236807F20069163E /* NSURLSession+ZZExtension.m */ = {isa = PBXFileReference; fileEncoding = 4; lastKnownFileType = sourcecode.c.objc; path = "NSURLSession+ZZExtension.m"; sourceTree = "<group>"; };
		8159F818236807F20069163E /* NSURLSession+ZZExtension.h */ = {isa = PBXFileReference; fileEncoding = 4; lastKnownFileType = sourcecode.c.h; path = "NSURLSession+ZZExtension.h"; sourceTree = "<group>"; };
		8159F81A236807F20069163E /* UINavigationController+ZZExtension.h */ = {isa = PBXFileReference; fileEncoding = 4; lastKnownFileType = sourcecode.c.h; path = "UINavigationController+ZZExtension.h"; sourceTree = "<group>"; };
		8159F81B236807F20069163E /* UINavigationController+ZZExtension.m */ = {isa = PBXFileReference; fileEncoding = 4; lastKnownFileType = sourcecode.c.objc; path = "UINavigationController+ZZExtension.m"; sourceTree = "<group>"; };
		8159F81D236807F20069163E /* NSAttributedString+ZZExtension.m */ = {isa = PBXFileReference; fileEncoding = 4; lastKnownFileType = sourcecode.c.objc; path = "NSAttributedString+ZZExtension.m"; sourceTree = "<group>"; };
		8159F81E236807F20069163E /* NSAttributedString+ZZExtension.h */ = {isa = PBXFileReference; fileEncoding = 4; lastKnownFileType = sourcecode.c.h; path = "NSAttributedString+ZZExtension.h"; sourceTree = "<group>"; };
		8159F820236807F30069163E /* NSDate+ZZExtension.m */ = {isa = PBXFileReference; fileEncoding = 4; lastKnownFileType = sourcecode.c.objc; path = "NSDate+ZZExtension.m"; sourceTree = "<group>"; };
		8159F821236807F30069163E /* NSDate+ZZExtension.h */ = {isa = PBXFileReference; fileEncoding = 4; lastKnownFileType = sourcecode.c.h; path = "NSDate+ZZExtension.h"; sourceTree = "<group>"; };
		8159F823236807F30069163E /* UIControl+ZZExtension.m */ = {isa = PBXFileReference; fileEncoding = 4; lastKnownFileType = sourcecode.c.objc; path = "UIControl+ZZExtension.m"; sourceTree = "<group>"; };
		8159F824236807F30069163E /* UIControl+ZZExtension.h */ = {isa = PBXFileReference; fileEncoding = 4; lastKnownFileType = sourcecode.c.h; path = "UIControl+ZZExtension.h"; sourceTree = "<group>"; };
		8159F82A236807F30069163E /* NSString+ZZExtension.h */ = {isa = PBXFileReference; fileEncoding = 4; lastKnownFileType = sourcecode.c.h; path = "NSString+ZZExtension.h"; sourceTree = "<group>"; };
		8159F82C236807F30069163E /* NSString+ZZExtension.m */ = {isa = PBXFileReference; fileEncoding = 4; lastKnownFileType = sourcecode.c.objc; path = "NSString+ZZExtension.m"; sourceTree = "<group>"; };
		8159F82E236807F30069163E /* UIButton+ZZExtension.m */ = {isa = PBXFileReference; fileEncoding = 4; lastKnownFileType = sourcecode.c.objc; path = "UIButton+ZZExtension.m"; sourceTree = "<group>"; };
		8159F82F236807F30069163E /* UIButton+ZZExtension.h */ = {isa = PBXFileReference; fileEncoding = 4; lastKnownFileType = sourcecode.c.h; path = "UIButton+ZZExtension.h"; sourceTree = "<group>"; };
		8159F831236807F30069163E /* UIImageView+ZZExtension.h */ = {isa = PBXFileReference; fileEncoding = 4; lastKnownFileType = sourcecode.c.h; path = "UIImageView+ZZExtension.h"; sourceTree = "<group>"; };
		8159F832236807F30069163E /* UIImageView+ZZExtension.m */ = {isa = PBXFileReference; fileEncoding = 4; lastKnownFileType = sourcecode.c.objc; path = "UIImageView+ZZExtension.m"; sourceTree = "<group>"; };
		8159F834236807F30069163E /* UITextField+ZZExtension.h */ = {isa = PBXFileReference; fileEncoding = 4; lastKnownFileType = sourcecode.c.h; path = "UITextField+ZZExtension.h"; sourceTree = "<group>"; };
		8159F835236807F30069163E /* UITextField+ZZExtension.m */ = {isa = PBXFileReference; fileEncoding = 4; lastKnownFileType = sourcecode.c.objc; path = "UITextField+ZZExtension.m"; sourceTree = "<group>"; };
		8159F841236808490069163E /* ZZTimer.h */ = {isa = PBXFileReference; fileEncoding = 4; lastKnownFileType = sourcecode.c.h; path = ZZTimer.h; sourceTree = "<group>"; };
		8159F842236808490069163E /* ZZTimer.m */ = {isa = PBXFileReference; fileEncoding = 4; lastKnownFileType = sourcecode.c.objc; path = ZZTimer.m; sourceTree = "<group>"; };
		8159F845236808620069163E /* UIImage+ZZExtension.m */ = {isa = PBXFileReference; fileEncoding = 4; lastKnownFileType = sourcecode.c.objc; path = "UIImage+ZZExtension.m"; sourceTree = "<group>"; };
		8159F846236808620069163E /* UIImage+ZZExtension.h */ = {isa = PBXFileReference; fileEncoding = 4; lastKnownFileType = sourcecode.c.h; path = "UIImage+ZZExtension.h"; sourceTree = "<group>"; };
		8159F84923680BB10069163E /* ZZSuperVC.h */ = {isa = PBXFileReference; fileEncoding = 4; lastKnownFileType = sourcecode.c.h; path = ZZSuperVC.h; sourceTree = "<group>"; };
		8159F84A23680BB10069163E /* ZZChildVC.h */ = {isa = PBXFileReference; fileEncoding = 4; lastKnownFileType = sourcecode.c.h; path = ZZChildVC.h; sourceTree = "<group>"; };
		8159F84B23680BB10069163E /* ZZSuperVC.m */ = {isa = PBXFileReference; fileEncoding = 4; lastKnownFileType = sourcecode.c.objc; path = ZZSuperVC.m; sourceTree = "<group>"; };
		8159F84C23680BB10069163E /* ZZChildVC.m */ = {isa = PBXFileReference; fileEncoding = 4; lastKnownFileType = sourcecode.c.objc; path = ZZChildVC.m; sourceTree = "<group>"; };
		8159F84F23680EFF0069163E /* ZZToolsDemo.entitlements */ = {isa = PBXFileReference; lastKnownFileType = text.plist.entitlements; path = ZZToolsDemo.entitlements; sourceTree = "<group>"; };
		8159F851236811280069163E /* ZZExtension.h */ = {isa = PBXFileReference; lastKnownFileType = sourcecode.c.h; path = ZZExtension.h; sourceTree = "<group>"; };
		817DC901F7C64119D1FE199A /* Pods-ZZToolsDemo.release.xcconfig */ = {isa = PBXFileReference; includeInIndex = 1; lastKnownFileType = text.xcconfig; name = "Pods-ZZToolsDemo.release.xcconfig"; path = "Target Support Files/Pods-ZZToolsDemo/Pods-ZZToolsDemo.release.xcconfig"; sourceTree = "<group>"; };
		81B52C23235839E50092B165 /* ZZJointTableView.h */ = {isa = PBXFileReference; fileEncoding = 4; lastKnownFileType = sourcecode.c.h; path = ZZJointTableView.h; sourceTree = "<group>"; };
		81B52C24235839E50092B165 /* ZZJointTableView.m */ = {isa = PBXFileReference; fileEncoding = 4; lastKnownFileType = sourcecode.c.objc; path = ZZJointTableView.m; sourceTree = "<group>"; };
		81B52C27235839EA0092B165 /* ZZContentView.h */ = {isa = PBXFileReference; fileEncoding = 4; lastKnownFileType = sourcecode.c.h; path = ZZContentView.h; sourceTree = "<group>"; };
		81B52C29235839EA0092B165 /* ZZCollectionView.h */ = {isa = PBXFileReference; fileEncoding = 4; lastKnownFileType = sourcecode.c.h; path = ZZCollectionView.h; sourceTree = "<group>"; };
		81B52C2A235839EA0092B165 /* ZZScrollSegmentView.h */ = {isa = PBXFileReference; fileEncoding = 4; lastKnownFileType = sourcecode.c.h; path = ZZScrollSegmentView.h; sourceTree = "<group>"; };
		81B52C2B235839EA0092B165 /* ZZScrollPageViewDelegate.h */ = {isa = PBXFileReference; fileEncoding = 4; lastKnownFileType = sourcecode.c.h; path = ZZScrollPageViewDelegate.h; sourceTree = "<group>"; };
		81B52C2C235839EA0092B165 /* ZZSegmentStyle.h */ = {isa = PBXFileReference; fileEncoding = 4; lastKnownFileType = sourcecode.c.h; path = ZZSegmentStyle.h; sourceTree = "<group>"; };
		81B52C2D235839EA0092B165 /* ZZTitleView.m */ = {isa = PBXFileReference; fileEncoding = 4; lastKnownFileType = sourcecode.c.objc; path = ZZTitleView.m; sourceTree = "<group>"; };
		81B52C2E235839EA0092B165 /* UIViewController+ZZExtension.m */ = {isa = PBXFileReference; fileEncoding = 4; lastKnownFileType = sourcecode.c.objc; path = "UIViewController+ZZExtension.m"; sourceTree = "<group>"; };
		81B52C2F235839EA0092B165 /* ZZScrollPageView.h */ = {isa = PBXFileReference; fileEncoding = 4; lastKnownFileType = sourcecode.c.h; path = ZZScrollPageView.h; sourceTree = "<group>"; };
		81B52C31235839EA0092B165 /* ZZContentView.m */ = {isa = PBXFileReference; fileEncoding = 4; lastKnownFileType = sourcecode.c.objc; path = ZZContentView.m; sourceTree = "<group>"; };
		81B52C32235839EA0092B165 /* ZZCollectionView.m */ = {isa = PBXFileReference; fileEncoding = 4; lastKnownFileType = sourcecode.c.objc; path = ZZCollectionView.m; sourceTree = "<group>"; };
		81B52C33235839EA0092B165 /* ZZSegmentStyle.m */ = {isa = PBXFileReference; fileEncoding = 4; lastKnownFileType = sourcecode.c.objc; path = ZZSegmentStyle.m; sourceTree = "<group>"; };
		81B52C34235839EA0092B165 /* ZZScrollSegmentView.m */ = {isa = PBXFileReference; fileEncoding = 4; lastKnownFileType = sourcecode.c.objc; path = ZZScrollSegmentView.m; sourceTree = "<group>"; };
		81B52C35235839EA0092B165 /* ZZScrollPageView.m */ = {isa = PBXFileReference; fileEncoding = 4; lastKnownFileType = sourcecode.c.objc; path = ZZScrollPageView.m; sourceTree = "<group>"; };
		81B52C36235839EA0092B165 /* UIViewController+ZZExtension.h */ = {isa = PBXFileReference; fileEncoding = 4; lastKnownFileType = sourcecode.c.h; path = "UIViewController+ZZExtension.h"; sourceTree = "<group>"; };
		81B52C37235839EA0092B165 /* ZZTitleView.h */ = {isa = PBXFileReference; fileEncoding = 4; lastKnownFileType = sourcecode.c.h; path = ZZTitleView.h; sourceTree = "<group>"; };
		81B52C4123583BB40092B165 /* UIView+ZZExtension.h */ = {isa = PBXFileReference; fileEncoding = 4; lastKnownFileType = sourcecode.c.h; path = "UIView+ZZExtension.h"; sourceTree = "<group>"; };
		81B52C4323583BB40092B165 /* UIView+ZZExtension.m */ = {isa = PBXFileReference; fileEncoding = 4; lastKnownFileType = sourcecode.c.objc; path = "UIView+ZZExtension.m"; sourceTree = "<group>"; };
		81B52C4623583BB40092B165 /* UIColor+ZZExtension.m */ = {isa = PBXFileReference; fileEncoding = 4; lastKnownFileType = sourcecode.c.objc; path = "UIColor+ZZExtension.m"; sourceTree = "<group>"; };
		81B52C4723583BB40092B165 /* UIColor+ZZExtension.h */ = {isa = PBXFileReference; fileEncoding = 4; lastKnownFileType = sourcecode.c.h; path = "UIColor+ZZExtension.h"; sourceTree = "<group>"; };
		E42827D72206BB7200BF7657 /* ZZCollectionViewCell.h */ = {isa = PBXFileReference; lastKnownFileType = sourcecode.c.h; path = ZZCollectionViewCell.h; sourceTree = "<group>"; };
		E42827D82206BB7200BF7657 /* ZZCollectionViewCell.m */ = {isa = PBXFileReference; lastKnownFileType = sourcecode.c.objc; path = ZZCollectionViewCell.m; sourceTree = "<group>"; };
		E42827DB2206BD2900BF7657 /* ZZModel.h */ = {isa = PBXFileReference; lastKnownFileType = sourcecode.c.h; path = ZZModel.h; sourceTree = "<group>"; };
		E42827DC2206BD2900BF7657 /* ZZModel.m */ = {isa = PBXFileReference; lastKnownFileType = sourcecode.c.objc; path = ZZModel.m; sourceTree = "<group>"; };
		E42827DE2206D61D00BF7657 /* ZZCollectionFooterView.h */ = {isa = PBXFileReference; lastKnownFileType = sourcecode.c.h; path = ZZCollectionFooterView.h; sourceTree = "<group>"; };
		E42827DF2206D61D00BF7657 /* ZZCollectionFooterView.m */ = {isa = PBXFileReference; lastKnownFileType = sourcecode.c.objc; path = ZZCollectionFooterView.m; sourceTree = "<group>"; };
		E434705F2204581B001584C6 /* ZZStarView.h */ = {isa = PBXFileReference; lastKnownFileType = sourcecode.c.h; path = ZZStarView.h; sourceTree = "<group>"; };
		E43470602204581B001584C6 /* ZZStarView.m */ = {isa = PBXFileReference; lastKnownFileType = sourcecode.c.objc; path = ZZStarView.m; sourceTree = "<group>"; };
		E43470632204587A001584C6 /* ZZStarViewVC.h */ = {isa = PBXFileReference; lastKnownFileType = sourcecode.c.h; path = ZZStarViewVC.h; sourceTree = "<group>"; };
		E43470642204587A001584C6 /* ZZStarViewVC.m */ = {isa = PBXFileReference; lastKnownFileType = sourcecode.c.objc; path = ZZStarViewVC.m; sourceTree = "<group>"; };
		E45ED2D822115F92009D9A8C /* ZZRouter.h */ = {isa = PBXFileReference; lastKnownFileType = sourcecode.c.h; path = ZZRouter.h; sourceTree = "<group>"; };
		E45ED2D922115F92009D9A8C /* ZZRouter.m */ = {isa = PBXFileReference; lastKnownFileType = sourcecode.c.objc; path = ZZRouter.m; sourceTree = "<group>"; };
		E4984AA422C3BF8A000448B9 /* ZZFPSButton.m */ = {isa = PBXFileReference; fileEncoding = 4; lastKnownFileType = sourcecode.c.objc; path = ZZFPSButton.m; sourceTree = "<group>"; };
		E4984AA522C3BF8A000448B9 /* ZZFPSButton.h */ = {isa = PBXFileReference; fileEncoding = 4; lastKnownFileType = sourcecode.c.h; path = ZZFPSButton.h; sourceTree = "<group>"; };
		E49CEB53222E4CF100AC812D /* ZZPrivateHeader.h */ = {isa = PBXFileReference; lastKnownFileType = sourcecode.c.h; path = ZZPrivateHeader.h; sourceTree = "<group>"; };
		E4F4A897223640E200491E6E /* ZZMixVC.h */ = {isa = PBXFileReference; lastKnownFileType = sourcecode.c.h; path = ZZMixVC.h; sourceTree = "<group>"; };
		E4F4A898223640E200491E6E /* ZZMixVC.m */ = {isa = PBXFileReference; lastKnownFileType = sourcecode.c.objc; path = ZZMixVC.m; sourceTree = "<group>"; };
		E616FE70C432DF5DFDB1D042 /* Pods-ZZToolsDemo.debug.xcconfig */ = {isa = PBXFileReference; includeInIndex = 1; lastKnownFileType = text.xcconfig; name = "Pods-ZZToolsDemo.debug.xcconfig"; path = "Target Support Files/Pods-ZZToolsDemo/Pods-ZZToolsDemo.debug.xcconfig"; sourceTree = "<group>"; };
/* End PBXFileReference section */

/* Begin PBXFrameworksBuildPhase section */
		3AA1BA9E21F6C61400833ECA /* Frameworks */ = {
			isa = PBXFrameworksBuildPhase;
			buildActionMask = 2147483647;
			files = (
				27E18B62912C88865725476E /* libPods-ZZToolsDemo.a in Frameworks */,
			);
			runOnlyForDeploymentPostprocessing = 0;
		};
/* End PBXFrameworksBuildPhase section */

/* Begin PBXGroup section */
		26F003495F53ED22BB2F3A32 /* Pods */ = {
			isa = PBXGroup;
			children = (
				E616FE70C432DF5DFDB1D042 /* Pods-ZZToolsDemo.debug.xcconfig */,
				817DC901F7C64119D1FE199A /* Pods-ZZToolsDemo.release.xcconfig */,
			);
			path = Pods;
			sourceTree = "<group>";
		};
		3A09E55A22A15A4600F462EC /* ZZExtension */ = {
			isa = PBXGroup;
			children = (
				8159F851236811280069163E /* ZZExtension.h */,
				8166F7F92356BBF700EF8F4B /* ZZSegment */,
				8159F84823680BB10069163E /* ZZSuperClass */,
				81B52C4023583BB40092B165 /* UIView+ZZExtension */,
				8159F81F236807F30069163E /* NSDate+ZZExtension */,
				81B52C4523583BB40092B165 /* UIColor+ZZExtension */,
				8159F812236804EF0069163E /* UILabel+ZZExtension */,
				8159F82D236807F30069163E /* UIButton+ZZExtension */,
				8159F828236807F30069163E /* NSString+ZZExtension */,
				8159F833236807F30069163E /* UITextField+ZZExtension */,
				8159F830236807F30069163E /* UIImageView+ZZExtension */,
				81B52C4C23583BC90092B165 /* UIScrollView+ZZExtension */,
				8159F816236807F20069163E /* NSURLSession+ZZExtension */,
				8159F81C236807F20069163E /* NSAttributedString+ZZExtension */,
				8159F819236807F20069163E /* UINavigationController+ZZExtension */,
			);
			path = ZZExtension;
			sourceTree = "<group>";
		};
		3AA1BA9821F6C61400833ECA = {
			isa = PBXGroup;
			children = (
				3AA1BAA321F6C61400833ECA /* ZZToolsDemo */,
				3AA1BAA221F6C61400833ECA /* Products */,
				26F003495F53ED22BB2F3A32 /* Pods */,
				41DEF5B410343387244795A2 /* Frameworks */,
			);
			sourceTree = "<group>";
		};
		3AA1BAA221F6C61400833ECA /* Products */ = {
			isa = PBXGroup;
			children = (
				3AA1BAA121F6C61400833ECA /* ZZToolsDemo.app */,
			);
			name = Products;
			sourceTree = "<group>";
		};
		3AA1BAA321F6C61400833ECA /* ZZToolsDemo */ = {
			isa = PBXGroup;
			children = (
				8159F84F23680EFF0069163E /* ZZToolsDemo.entitlements */,
				3AA1BABB21F6C6C800833ECA /* App */,
				3AA1BABF21F6C71700833ECA /* Demo */,
				3AA1BABC21F6C71700833ECA /* ZZTools */,
			);
			path = ZZToolsDemo;
			sourceTree = "<group>";
		};
		3AA1BABB21F6C6C800833ECA /* App */ = {
			isa = PBXGroup;
			children = (
				3AA1BAA421F6C61400833ECA /* AppDelegate.h */,
				3AA1BAA521F6C61400833ECA /* AppDelegate.m */,
				3AA1BAAA21F6C61400833ECA /* Main.storyboard */,
				3AA1BAAD21F6C61500833ECA /* Assets.xcassets */,
				3AA1BAAF21F6C61500833ECA /* LaunchScreen.storyboard */,
				3AA1BAB221F6C61500833ECA /* Info.plist */,
				3AA1BAB321F6C61500833ECA /* main.m */,
			);
			name = App;
			sourceTree = "<group>";
		};
		3AA1BABC21F6C71700833ECA /* ZZTools */ = {
			isa = PBXGroup;
			children = (
				3AA1BAD321F6C94700833ECA /* ZZTools.h */,
				E49CEB53222E4CF100AC812D /* ZZPrivateHeader.h */,
				E4984AA322C3BF8A000448B9 /* ZZFPSButton */,
				E45ED2D722115EB4009D9A8C /* ZZRouter */,
				3AA1BAD221F6C85200833ECA /* ZZLayout */,
				E434705E2204580D001584C6 /* ZZStarView */,
				3A09E55A22A15A4600F462EC /* ZZExtension */,
			);
			path = ZZTools;
			sourceTree = "<group>";
		};
		3AA1BABF21F6C71700833ECA /* Demo */ = {
			isa = PBXGroup;
			children = (
				3AA1BAA721F6C61400833ECA /* ViewController.h */,
				3AA1BAA821F6C61400833ECA /* ViewController.m */,
				3AA1BAC021F6C71700833ECA /* Controller */,
				3AA1BACA21F6C71700833ECA /* View */,
				E42827DA2206BD1C00BF7657 /* Model */,
			);
			path = Demo;
			sourceTree = "<group>";
		};
		3AA1BAC021F6C71700833ECA /* Controller */ = {
			isa = PBXGroup;
			children = (
				E43470622204586B001584C6 /* ZZStarViewVC */,
				E4F4A8942236401000491E6E /* ZZLyoutDemos */,
			);
			path = Controller;
			sourceTree = "<group>";
		};
		3AA1BAC121F6C71700833ECA /* ZZVerticalVC */ = {
			isa = PBXGroup;
			children = (
				3AA1BAC221F6C71700833ECA /* ZZVerticalVC.h */,
				3AA1BAC321F6C71700833ECA /* ZZVerticalVC.m */,
			);
			path = ZZVerticalVC;
			sourceTree = "<group>";
		};
		3AA1BAC421F6C71700833ECA /* ZZHorizontalVC */ = {
			isa = PBXGroup;
			children = (
				3AA1BAC521F6C71700833ECA /* ZZHorizontalVC.h */,
				3AA1BAC621F6C71700833ECA /* ZZHorizontalVC.m */,
			);
			path = ZZHorizontalVC;
			sourceTree = "<group>";
		};
		3AA1BAC721F6C71700833ECA /* ZZAutomateFloatVC */ = {
			isa = PBXGroup;
			children = (
				3AA1BAC921F6C71700833ECA /* ZZAutomateFloatVC.h */,
				3AA1BAC821F6C71700833ECA /* ZZAutomateFloatVC.m */,
			);
			path = ZZAutomateFloatVC;
			sourceTree = "<group>";
		};
		3AA1BACA21F6C71700833ECA /* View */ = {
			isa = PBXGroup;
			children = (
				3AA1BACB21F6C71700833ECA /* ZZCollectionHeaderView.h */,
				3AA1BACC21F6C71700833ECA /* ZZCollectionHeaderView.m */,
				E42827DE2206D61D00BF7657 /* ZZCollectionFooterView.h */,
				E42827DF2206D61D00BF7657 /* ZZCollectionFooterView.m */,
				E42827D72206BB7200BF7657 /* ZZCollectionViewCell.h */,
				E42827D82206BB7200BF7657 /* ZZCollectionViewCell.m */,
			);
			path = View;
			sourceTree = "<group>";
		};
		3AA1BAD221F6C85200833ECA /* ZZLayout */ = {
			isa = PBXGroup;
			children = (
				3AA1BABE21F6C71700833ECA /* ZZLayout.h */,
				3AA1BABD21F6C71700833ECA /* ZZLayout.m */,
			);
			path = ZZLayout;
			sourceTree = "<group>";
		};
		41DEF5B410343387244795A2 /* Frameworks */ = {
			isa = PBXGroup;
			children = (
				531B2E0A9E788A0F606AD5F8 /* libPods-ZZToolsDemo.a */,
			);
			name = Frameworks;
			sourceTree = "<group>";
		};
		8159F812236804EF0069163E /* UILabel+ZZExtension */ = {
			isa = PBXGroup;
			children = (
				8159F814236804EF0069163E /* UILabel+ZZExtension.h */,
				8159F813236804EF0069163E /* UILabel+ZZExtension.m */,
			);
			path = "UILabel+ZZExtension";
			sourceTree = "<group>";
		};
		8159F816236807F20069163E /* NSURLSession+ZZExtension */ = {
			isa = PBXGroup;
			children = (
				8159F817236807F20069163E /* NSURLSession+ZZExtension.m */,
				8159F818236807F20069163E /* NSURLSession+ZZExtension.h */,
			);
			path = "NSURLSession+ZZExtension";
			sourceTree = "<group>";
		};
		8159F819236807F20069163E /* UINavigationController+ZZExtension */ = {
			isa = PBXGroup;
			children = (
				8159F81A236807F20069163E /* UINavigationController+ZZExtension.h */,
				8159F81B236807F20069163E /* UINavigationController+ZZExtension.m */,
			);
			path = "UINavigationController+ZZExtension";
			sourceTree = "<group>";
		};
		8159F81C236807F20069163E /* NSAttributedString+ZZExtension */ = {
			isa = PBXGroup;
			children = (
				8159F81E236807F20069163E /* NSAttributedString+ZZExtension.h */,
				8159F81D236807F20069163E /* NSAttributedString+ZZExtension.m */,
			);
			path = "NSAttributedString+ZZExtension";
			sourceTree = "<group>";
		};
		8159F81F236807F30069163E /* NSDate+ZZExtension */ = {
			isa = PBXGroup;
			children = (
				8159F821236807F30069163E /* NSDate+ZZExtension.h */,
				8159F820236807F30069163E /* NSDate+ZZExtension.m */,
			);
			path = "NSDate+ZZExtension";
			sourceTree = "<group>";
		};
		8159F828236807F30069163E /* NSString+ZZExtension */ = {
			isa = PBXGroup;
			children = (
				8159F82A236807F30069163E /* NSString+ZZExtension.h */,
				8159F82C236807F30069163E /* NSString+ZZExtension.m */,
			);
			path = "NSString+ZZExtension";
			sourceTree = "<group>";
		};
		8159F82D236807F30069163E /* UIButton+ZZExtension */ = {
			isa = PBXGroup;
			children = (
				8159F824236807F30069163E /* UIControl+ZZExtension.h */,
				8159F823236807F30069163E /* UIControl+ZZExtension.m */,
				8159F841236808490069163E /* ZZTimer.h */,
				8159F842236808490069163E /* ZZTimer.m */,
				8159F82F236807F30069163E /* UIButton+ZZExtension.h */,
				8159F82E236807F30069163E /* UIButton+ZZExtension.m */,
			);
			path = "UIButton+ZZExtension";
			sourceTree = "<group>";
		};
		8159F830236807F30069163E /* UIImageView+ZZExtension */ = {
			isa = PBXGroup;
			children = (
				8159F846236808620069163E /* UIImage+ZZExtension.h */,
				8159F845236808620069163E /* UIImage+ZZExtension.m */,
				8159F831236807F30069163E /* UIImageView+ZZExtension.h */,
				8159F832236807F30069163E /* UIImageView+ZZExtension.m */,
			);
			path = "UIImageView+ZZExtension";
			sourceTree = "<group>";
		};
		8159F833236807F30069163E /* UITextField+ZZExtension */ = {
			isa = PBXGroup;
			children = (
				8159F834236807F30069163E /* UITextField+ZZExtension.h */,
				8159F835236807F30069163E /* UITextField+ZZExtension.m */,
			);
			path = "UITextField+ZZExtension";
			sourceTree = "<group>";
		};
		8159F84823680BB10069163E /* ZZSuperClass */ = {
			isa = PBXGroup;
			children = (
				8159F84A23680BB10069163E /* ZZChildVC.h */,
				8159F84C23680BB10069163E /* ZZChildVC.m */,
				8159F84923680BB10069163E /* ZZSuperVC.h */,
				8159F84B23680BB10069163E /* ZZSuperVC.m */,
				81B52C23235839E50092B165 /* ZZJointTableView.h */,
				81B52C24235839E50092B165 /* ZZJointTableView.m */,
			);
			path = ZZSuperClass;
			sourceTree = "<group>";
		};
		8166F7F92356BBF700EF8F4B /* ZZSegment */ = {
			isa = PBXGroup;
			children = (
				81B52C26235839EA0092B165 /* ZZScrollPageView */,
				81B52C4D235846880092B165 /* UIViewController+ZZExtension */,
			);
			path = ZZSegment;
			sourceTree = "<group>";
		};
		81B52C26235839EA0092B165 /* ZZScrollPageView */ = {
			isa = PBXGroup;
			children = (
				81B52C37235839EA0092B165 /* ZZTitleView.h */,
				81B52C2D235839EA0092B165 /* ZZTitleView.m */,
				81B52C27235839EA0092B165 /* ZZContentView.h */,
				81B52C31235839EA0092B165 /* ZZContentView.m */,
				81B52C2C235839EA0092B165 /* ZZSegmentStyle.h */,
				81B52C33235839EA0092B165 /* ZZSegmentStyle.m */,
				81B52C29235839EA0092B165 /* ZZCollectionView.h */,
				81B52C32235839EA0092B165 /* ZZCollectionView.m */,
				81B52C2F235839EA0092B165 /* ZZScrollPageView.h */,
				81B52C35235839EA0092B165 /* ZZScrollPageView.m */,
				81B52C2A235839EA0092B165 /* ZZScrollSegmentView.h */,
				81B52C34235839EA0092B165 /* ZZScrollSegmentView.m */,
				81B52C2B235839EA0092B165 /* ZZScrollPageViewDelegate.h */,
			);
			path = ZZScrollPageView;
			sourceTree = "<group>";
		};
		81B52C4023583BB40092B165 /* UIView+ZZExtension */ = {
			isa = PBXGroup;
			children = (
				8159F810236803C80069163E /* ZZStatusView.h */,
				8159F80F236803C70069163E /* ZZStatusView.m */,
				81B52C4123583BB40092B165 /* UIView+ZZExtension.h */,
				81B52C4323583BB40092B165 /* UIView+ZZExtension.m */,
			);
			path = "UIView+ZZExtension";
			sourceTree = "<group>";
		};
		81B52C4523583BB40092B165 /* UIColor+ZZExtension */ = {
			isa = PBXGroup;
			children = (
				81B52C4723583BB40092B165 /* UIColor+ZZExtension.h */,
				81B52C4623583BB40092B165 /* UIColor+ZZExtension.m */,
			);
			path = "UIColor+ZZExtension";
			sourceTree = "<group>";
		};
		81B52C4C23583BC90092B165 /* UIScrollView+ZZExtension */ = {
			isa = PBXGroup;
			children = (
				3A09E55E22A15C1200F462EC /* UIScrollView+ZZExtension.h */,
				3A09E55F22A15C1200F462EC /* UIScrollView+ZZExtension.m */,
			);
			path = "UIScrollView+ZZExtension";
			sourceTree = "<group>";
		};
		81B52C4D235846880092B165 /* UIViewController+ZZExtension */ = {
			isa = PBXGroup;
			children = (
				81B52C36235839EA0092B165 /* UIViewController+ZZExtension.h */,
				81B52C2E235839EA0092B165 /* UIViewController+ZZExtension.m */,
			);
			path = "UIViewController+ZZExtension";
			sourceTree = "<group>";
		};
		E42827DA2206BD1C00BF7657 /* Model */ = {
			isa = PBXGroup;
			children = (
				E42827DB2206BD2900BF7657 /* ZZModel.h */,
				E42827DC2206BD2900BF7657 /* ZZModel.m */,
			);
			path = Model;
			sourceTree = "<group>";
		};
		E434705E2204580D001584C6 /* ZZStarView */ = {
			isa = PBXGroup;
			children = (
				E434705F2204581B001584C6 /* ZZStarView.h */,
				E43470602204581B001584C6 /* ZZStarView.m */,
			);
			path = ZZStarView;
			sourceTree = "<group>";
		};
		E43470622204586B001584C6 /* ZZStarViewVC */ = {
			isa = PBXGroup;
			children = (
				E43470632204587A001584C6 /* ZZStarViewVC.h */,
				E43470642204587A001584C6 /* ZZStarViewVC.m */,
			);
			path = ZZStarViewVC;
			sourceTree = "<group>";
		};
		E45ED2D722115EB4009D9A8C /* ZZRouter */ = {
			isa = PBXGroup;
			children = (
				E45ED2D822115F92009D9A8C /* ZZRouter.h */,
				E45ED2D922115F92009D9A8C /* ZZRouter.m */,
			);
			path = ZZRouter;
			sourceTree = "<group>";
		};
		E4984AA322C3BF8A000448B9 /* ZZFPSButton */ = {
			isa = PBXGroup;
			children = (
				E4984AA522C3BF8A000448B9 /* ZZFPSButton.h */,
				E4984AA422C3BF8A000448B9 /* ZZFPSButton.m */,
			);
			path = ZZFPSButton;
			sourceTree = "<group>";
		};
		E4F4A89322363FF500491E6E /* ZZMixVC */ = {
			isa = PBXGroup;
			children = (
				E4F4A897223640E200491E6E /* ZZMixVC.h */,
				E4F4A898223640E200491E6E /* ZZMixVC.m */,
			);
			path = ZZMixVC;
			sourceTree = "<group>";
		};
		E4F4A8942236401000491E6E /* ZZLyoutDemos */ = {
			isa = PBXGroup;
			children = (
				E4F4A89322363FF500491E6E /* ZZMixVC */,
				3AA1BAC121F6C71700833ECA /* ZZVerticalVC */,
				3AA1BAC421F6C71700833ECA /* ZZHorizontalVC */,
				3AA1BAC721F6C71700833ECA /* ZZAutomateFloatVC */,
			);
			path = ZZLyoutDemos;
			sourceTree = "<group>";
		};
/* End PBXGroup section */

/* Begin PBXNativeTarget section */
		3AA1BAA021F6C61400833ECA /* ZZToolsDemo */ = {
			isa = PBXNativeTarget;
			buildConfigurationList = 3AA1BAB721F6C61500833ECA /* Build configuration list for PBXNativeTarget "ZZToolsDemo" */;
			buildPhases = (
				D47BE7D5BA30916E6DECA9DB /* [CP] Check Pods Manifest.lock */,
				3AA1BA9D21F6C61400833ECA /* Sources */,
				3AA1BA9E21F6C61400833ECA /* Frameworks */,
				3AA1BA9F21F6C61400833ECA /* Resources */,
				6AFBFB8C3E10BAB4DA34E5B1 /* [CP] Copy Pods Resources */,
			);
			buildRules = (
			);
			dependencies = (
			);
			name = ZZToolsDemo;
			productName = ZZToolsDemo;
			productReference = 3AA1BAA121F6C61400833ECA /* ZZToolsDemo.app */;
			productType = "com.apple.product-type.application";
		};
/* End PBXNativeTarget section */

/* Begin PBXProject section */
		3AA1BA9921F6C61400833ECA /* Project object */ = {
			isa = PBXProject;
			attributes = {
				LastUpgradeCheck = 1110;
				ORGANIZATIONNAME = "刘猛";
				TargetAttributes = {
					3AA1BAA021F6C61400833ECA = {
						CreatedOnToolsVersion = 10.1;
						LastSwiftMigration = 1010;
					};
				};
			};
			buildConfigurationList = 3AA1BA9C21F6C61400833ECA /* Build configuration list for PBXProject "ZZToolsDemo" */;
			compatibilityVersion = "Xcode 9.3";
			developmentRegion = en;
			hasScannedForEncodings = 0;
			knownRegions = (
				en,
				Base,
			);
			mainGroup = 3AA1BA9821F6C61400833ECA;
			productRefGroup = 3AA1BAA221F6C61400833ECA /* Products */;
			projectDirPath = "";
			projectRoot = "";
			targets = (
				3AA1BAA021F6C61400833ECA /* ZZToolsDemo */,
			);
		};
/* End PBXProject section */

/* Begin PBXResourcesBuildPhase section */
		3AA1BA9F21F6C61400833ECA /* Resources */ = {
			isa = PBXResourcesBuildPhase;
			buildActionMask = 2147483647;
			files = (
				3AA1BAB121F6C61500833ECA /* LaunchScreen.storyboard in Resources */,
				3AA1BAAE21F6C61500833ECA /* Assets.xcassets in Resources */,
				3AA1BAAC21F6C61400833ECA /* Main.storyboard in Resources */,
			);
			runOnlyForDeploymentPostprocessing = 0;
		};
/* End PBXResourcesBuildPhase section */

/* Begin PBXShellScriptBuildPhase section */
		6AFBFB8C3E10BAB4DA34E5B1 /* [CP] Copy Pods Resources */ = {
			isa = PBXShellScriptBuildPhase;
			buildActionMask = 2147483647;
			files = (
			);
			inputFileListPaths = (
				"${PODS_ROOT}/Target Support Files/Pods-ZZToolsDemo/Pods-ZZToolsDemo-resources-${CONFIGURATION}-input-files.xcfilelist",
			);
			name = "[CP] Copy Pods Resources";
			outputFileListPaths = (
				"${PODS_ROOT}/Target Support Files/Pods-ZZToolsDemo/Pods-ZZToolsDemo-resources-${CONFIGURATION}-output-files.xcfilelist",
			);
			runOnlyForDeploymentPostprocessing = 0;
			shellPath = /bin/sh;
			shellScript = "\"${PODS_ROOT}/Target Support Files/Pods-ZZToolsDemo/Pods-ZZToolsDemo-resources.sh\"\n";
			showEnvVarsInLog = 0;
		};
		D47BE7D5BA30916E6DECA9DB /* [CP] Check Pods Manifest.lock */ = {
			isa = PBXShellScriptBuildPhase;
			buildActionMask = 2147483647;
			files = (
			);
			inputFileListPaths = (
			);
			inputPaths = (
				"${PODS_PODFILE_DIR_PATH}/Podfile.lock",
				"${PODS_ROOT}/Manifest.lock",
			);
			name = "[CP] Check Pods Manifest.lock";
			outputFileListPaths = (
			);
			outputPaths = (
				"$(DERIVED_FILE_DIR)/Pods-ZZToolsDemo-checkManifestLockResult.txt",
			);
			runOnlyForDeploymentPostprocessing = 0;
			shellPath = /bin/sh;
			shellScript = "diff \"${PODS_PODFILE_DIR_PATH}/Podfile.lock\" \"${PODS_ROOT}/Manifest.lock\" > /dev/null\nif [ $? != 0 ] ; then\n    # print error to STDERR\n    echo \"error: The sandbox is not in sync with the Podfile.lock. Run 'pod install' or update your CocoaPods installation.\" >&2\n    exit 1\nfi\n# This output is used by Xcode 'outputs' to avoid re-running this script phase.\necho \"SUCCESS\" > \"${SCRIPT_OUTPUT_FILE_0}\"\n";
			showEnvVarsInLog = 0;
		};
/* End PBXShellScriptBuildPhase section */

/* Begin PBXSourcesBuildPhase section */
		3AA1BA9D21F6C61400833ECA /* Sources */ = {
			isa = PBXSourcesBuildPhase;
			buildActionMask = 2147483647;
			files = (
				E42827D92206BB7200BF7657 /* ZZCollectionViewCell.m in Sources */,
				8159F839236807F30069163E /* NSDate+ZZExtension.m in Sources */,
				8159F83E236807F30069163E /* UIButton+ZZExtension.m in Sources */,
				3AA1BAA921F6C61400833ECA /* ViewController.m in Sources */,
				3AA1BAD021F6C71700833ECA /* ZZAutomateFloatVC.m in Sources */,
				E43DDCFD2205341E00DC41C0 /* ZZStarView.m in Sources */,
				8159F840236807F30069163E /* UITextField+ZZExtension.m in Sources */,
				8159F84D23680BB10069163E /* ZZSuperVC.m in Sources */,
				3AA1BAB421F6C61500833ECA /* main.m in Sources */,
				81B52C3E235839EA0092B165 /* ZZScrollSegmentView.m in Sources */,
				8159F83F236807F30069163E /* UIImageView+ZZExtension.m in Sources */,
				81B52C25235839E50092B165 /* ZZJointTableView.m in Sources */,
				E42827DD2206BD2900BF7657 /* ZZModel.m in Sources */,
				E45ED2DA22115F92009D9A8C /* ZZRouter.m in Sources */,
				81B52C3C235839EA0092B165 /* ZZCollectionView.m in Sources */,
				81B52C3D235839EA0092B165 /* ZZSegmentStyle.m in Sources */,
				81B52C3F235839EA0092B165 /* ZZScrollPageView.m in Sources */,
				E42827E02206D61D00BF7657 /* ZZCollectionFooterView.m in Sources */,
				8159F84E23680BB10069163E /* ZZChildVC.m in Sources */,
				E4F4A899223640E200491E6E /* ZZMixVC.m in Sources */,
				8159F838236807F30069163E /* NSAttributedString+ZZExtension.m in Sources */,
				3AA1BACF21F6C71700833ECA /* ZZHorizontalVC.m in Sources */,
				81B52C4823583BB40092B165 /* UIView+ZZExtension.m in Sources */,
				8159F83D236807F30069163E /* NSString+ZZExtension.m in Sources */,
				3AA1BACE21F6C71700833ECA /* ZZVerticalVC.m in Sources */,
				E4984AA622C3BF8A000448B9 /* ZZFPSButton.m in Sources */,
				3AA1BAA621F6C61400833ECA /* AppDelegate.m in Sources */,
				3AD20664220484050056D3F2 /* ZZStarViewVC.m in Sources */,
				8159F815236804EF0069163E /* UILabel+ZZExtension.m in Sources */,
				3A09E56022A15C1200F462EC /* UIScrollView+ZZExtension.m in Sources */,
				81B52C3B235839EA0092B165 /* ZZContentView.m in Sources */,
				8159F837236807F30069163E /* UINavigationController+ZZExtension.m in Sources */,
				81B52C3A235839EA0092B165 /* UIViewController+ZZExtension.m in Sources */,
				8159F847236808620069163E /* UIImage+ZZExtension.m in Sources */,
				81B52C4A23583BB40092B165 /* UIColor+ZZExtension.m in Sources */,
				8159F843236808490069163E /* ZZTimer.m in Sources */,
				8159F811236803C80069163E /* ZZStatusView.m in Sources */,
				81B52C39235839EA0092B165 /* ZZTitleView.m in Sources */,
				8159F836236807F30069163E /* NSURLSession+ZZExtension.m in Sources */,
				3AA1BACD21F6C71700833ECA /* ZZLayout.m in Sources */,
				3AA1BAD121F6C71700833ECA /* ZZCollectionHeaderView.m in Sources */,
				8159F83A236807F30069163E /* UIControl+ZZExtension.m in Sources */,
			);
			runOnlyForDeploymentPostprocessing = 0;
		};
/* End PBXSourcesBuildPhase section */

/* Begin PBXVariantGroup section */
		3AA1BAAA21F6C61400833ECA /* Main.storyboard */ = {
			isa = PBXVariantGroup;
			children = (
				3AA1BAAB21F6C61400833ECA /* Base */,
			);
			name = Main.storyboard;
			sourceTree = "<group>";
		};
		3AA1BAAF21F6C61500833ECA /* LaunchScreen.storyboard */ = {
			isa = PBXVariantGroup;
			children = (
				3AA1BAB021F6C61500833ECA /* Base */,
			);
			name = LaunchScreen.storyboard;
			sourceTree = "<group>";
		};
/* End PBXVariantGroup section */

/* Begin XCBuildConfiguration section */
		3AA1BAB521F6C61500833ECA /* Debug */ = {
			isa = XCBuildConfiguration;
			buildSettings = {
				ALWAYS_SEARCH_USER_PATHS = NO;
				CLANG_ANALYZER_NONNULL = YES;
				CLANG_ANALYZER_NUMBER_OBJECT_CONVERSION = YES_AGGRESSIVE;
				CLANG_CXX_LANGUAGE_STANDARD = "gnu++14";
				CLANG_CXX_LIBRARY = "libc++";
				CLANG_ENABLE_MODULES = YES;
				CLANG_ENABLE_OBJC_ARC = YES;
				CLANG_ENABLE_OBJC_WEAK = YES;
				CLANG_WARN_BLOCK_CAPTURE_AUTORELEASING = YES;
				CLANG_WARN_BOOL_CONVERSION = YES;
				CLANG_WARN_COMMA = YES;
				CLANG_WARN_CONSTANT_CONVERSION = YES;
				CLANG_WARN_DEPRECATED_OBJC_IMPLEMENTATIONS = YES;
				CLANG_WARN_DIRECT_OBJC_ISA_USAGE = YES_ERROR;
				CLANG_WARN_DOCUMENTATION_COMMENTS = YES;
				CLANG_WARN_EMPTY_BODY = YES;
				CLANG_WARN_ENUM_CONVERSION = YES;
				CLANG_WARN_INFINITE_RECURSION = YES;
				CLANG_WARN_INT_CONVERSION = YES;
				CLANG_WARN_NON_LITERAL_NULL_CONVERSION = YES;
				CLANG_WARN_OBJC_IMPLICIT_RETAIN_SELF = YES;
				CLANG_WARN_OBJC_LITERAL_CONVERSION = YES;
				CLANG_WARN_OBJC_ROOT_CLASS = YES_ERROR;
				CLANG_WARN_RANGE_LOOP_ANALYSIS = YES;
				CLANG_WARN_STRICT_PROTOTYPES = YES;
				CLANG_WARN_SUSPICIOUS_MOVE = YES;
				CLANG_WARN_UNGUARDED_AVAILABILITY = YES_AGGRESSIVE;
				CLANG_WARN_UNREACHABLE_CODE = YES;
				CLANG_WARN__DUPLICATE_METHOD_MATCH = YES;
				CODE_SIGN_IDENTITY = "iPhone Developer";
				COPY_PHASE_STRIP = NO;
				DEBUG_INFORMATION_FORMAT = dwarf;
				ENABLE_STRICT_OBJC_MSGSEND = YES;
				ENABLE_TESTABILITY = YES;
				GCC_C_LANGUAGE_STANDARD = gnu11;
				GCC_DYNAMIC_NO_PIC = NO;
				GCC_NO_COMMON_BLOCKS = YES;
				GCC_OPTIMIZATION_LEVEL = 0;
				GCC_PREPROCESSOR_DEFINITIONS = (
					"DEBUG=1",
					"$(inherited)",
				);
				GCC_WARN_64_TO_32_BIT_CONVERSION = YES;
				GCC_WARN_ABOUT_RETURN_TYPE = YES_ERROR;
				GCC_WARN_UNDECLARED_SELECTOR = YES;
				GCC_WARN_UNINITIALIZED_AUTOS = YES_AGGRESSIVE;
				GCC_WARN_UNUSED_FUNCTION = YES;
				GCC_WARN_UNUSED_VARIABLE = YES;
				IPHONEOS_DEPLOYMENT_TARGET = 9.0;
				MTL_ENABLE_DEBUG_INFO = INCLUDE_SOURCE;
				MTL_FAST_MATH = YES;
				ONLY_ACTIVE_ARCH = YES;
				SDKROOT = iphoneos;
			};
			name = Debug;
		};
		3AA1BAB621F6C61500833ECA /* Release */ = {
			isa = XCBuildConfiguration;
			buildSettings = {
				ALWAYS_SEARCH_USER_PATHS = NO;
				CLANG_ANALYZER_NONNULL = YES;
				CLANG_ANALYZER_NUMBER_OBJECT_CONVERSION = YES_AGGRESSIVE;
				CLANG_CXX_LANGUAGE_STANDARD = "gnu++14";
				CLANG_CXX_LIBRARY = "libc++";
				CLANG_ENABLE_MODULES = YES;
				CLANG_ENABLE_OBJC_ARC = YES;
				CLANG_ENABLE_OBJC_WEAK = YES;
				CLANG_WARN_BLOCK_CAPTURE_AUTORELEASING = YES;
				CLANG_WARN_BOOL_CONVERSION = YES;
				CLANG_WARN_COMMA = YES;
				CLANG_WARN_CONSTANT_CONVERSION = YES;
				CLANG_WARN_DEPRECATED_OBJC_IMPLEMENTATIONS = YES;
				CLANG_WARN_DIRECT_OBJC_ISA_USAGE = YES_ERROR;
				CLANG_WARN_DOCUMENTATION_COMMENTS = YES;
				CLANG_WARN_EMPTY_BODY = YES;
				CLANG_WARN_ENUM_CONVERSION = YES;
				CLANG_WARN_INFINITE_RECURSION = YES;
				CLANG_WARN_INT_CONVERSION = YES;
				CLANG_WARN_NON_LITERAL_NULL_CONVERSION = YES;
				CLANG_WARN_OBJC_IMPLICIT_RETAIN_SELF = YES;
				CLANG_WARN_OBJC_LITERAL_CONVERSION = YES;
				CLANG_WARN_OBJC_ROOT_CLASS = YES_ERROR;
				CLANG_WARN_RANGE_LOOP_ANALYSIS = YES;
				CLANG_WARN_STRICT_PROTOTYPES = YES;
				CLANG_WARN_SUSPICIOUS_MOVE = YES;
				CLANG_WARN_UNGUARDED_AVAILABILITY = YES_AGGRESSIVE;
				CLANG_WARN_UNREACHABLE_CODE = YES;
				CLANG_WARN__DUPLICATE_METHOD_MATCH = YES;
				CODE_SIGN_IDENTITY = "iPhone Developer";
				COPY_PHASE_STRIP = NO;
				DEBUG_INFORMATION_FORMAT = "dwarf-with-dsym";
				ENABLE_NS_ASSERTIONS = NO;
				ENABLE_STRICT_OBJC_MSGSEND = YES;
				GCC_C_LANGUAGE_STANDARD = gnu11;
				GCC_NO_COMMON_BLOCKS = YES;
				GCC_WARN_64_TO_32_BIT_CONVERSION = YES;
				GCC_WARN_ABOUT_RETURN_TYPE = YES_ERROR;
				GCC_WARN_UNDECLARED_SELECTOR = YES;
				GCC_WARN_UNINITIALIZED_AUTOS = YES_AGGRESSIVE;
				GCC_WARN_UNUSED_FUNCTION = YES;
				GCC_WARN_UNUSED_VARIABLE = YES;
				IPHONEOS_DEPLOYMENT_TARGET = 9.0;
				MTL_ENABLE_DEBUG_INFO = NO;
				MTL_FAST_MATH = YES;
				SDKROOT = iphoneos;
				VALIDATE_PRODUCT = YES;
			};
			name = Release;
		};
		3AA1BAB821F6C61500833ECA /* Debug */ = {
			isa = XCBuildConfiguration;
			baseConfigurationReference = E616FE70C432DF5DFDB1D042 /* Pods-ZZToolsDemo.debug.xcconfig */;
			buildSettings = {
				ASSETCATALOG_COMPILER_APPICON_NAME = AppIcon;
				CLANG_ENABLE_MODULES = YES;
				CODE_SIGN_ENTITLEMENTS = ZZToolsDemo/ZZToolsDemo.entitlements;
				CODE_SIGN_STYLE = Automatic;
				DEVELOPMENT_TEAM = WYH8FX94BX;
				ENABLE_BITCODE = NO;
				FRAMEWORK_SEARCH_PATHS = "$(inherited)";
				INFOPLIST_FILE = ZZToolsDemo/Info.plist;
				IPHONEOS_DEPLOYMENT_TARGET = 9.0;
				LD_RUNPATH_SEARCH_PATHS = (
					"$(inherited)",
					"@executable_path/Frameworks",
				);
				MARKETING_VERSION = 1.0;
				PRODUCT_BUNDLE_IDENTIFIER = www.zz.com.ZZTools;
				PRODUCT_NAME = "$(TARGET_NAME)";
				SUPPORTS_MACCATALYST = NO;
				SWIFT_OPTIMIZATION_LEVEL = "-Onone";
				SWIFT_VERSION = 4.2;
				TARGETED_DEVICE_FAMILY = "1,2";
			};
			name = Debug;
		};
		3AA1BAB921F6C61500833ECA /* Release */ = {
			isa = XCBuildConfiguration;
			baseConfigurationReference = 817DC901F7C64119D1FE199A /* Pods-ZZToolsDemo.release.xcconfig */;
			buildSettings = {
				ASSETCATALOG_COMPILER_APPICON_NAME = AppIcon;
				CLANG_ENABLE_MODULES = YES;
				CODE_SIGN_ENTITLEMENTS = ZZToolsDemo/ZZToolsDemo.entitlements;
				CODE_SIGN_STYLE = Automatic;
				DEVELOPMENT_TEAM = WYH8FX94BX;
				ENABLE_BITCODE = NO;
				FRAMEWORK_SEARCH_PATHS = "$(inherited)";
				INFOPLIST_FILE = ZZToolsDemo/Info.plist;
				IPHONEOS_DEPLOYMENT_TARGET = 9.0;
				LD_RUNPATH_SEARCH_PATHS = (
					"$(inherited)",
					"@executable_path/Frameworks",
				);
				MARKETING_VERSION = 1.0;
				PRODUCT_BUNDLE_IDENTIFIER = www.zz.com.ZZTools;
				PRODUCT_NAME = "$(TARGET_NAME)";
				SUPPORTS_MACCATALYST = NO;
				SWIFT_VERSION = 4.2;
				TARGETED_DEVICE_FAMILY = "1,2";
			};
			name = Release;
		};
/* End XCBuildConfiguration section */

/* Begin XCConfigurationList section */
		3AA1BA9C21F6C61400833ECA /* Build configuration list for PBXProject "ZZToolsDemo" */ = {
			isa = XCConfigurationList;
			buildConfigurations = (
				3AA1BAB521F6C61500833ECA /* Debug */,
				3AA1BAB621F6C61500833ECA /* Release */,
			);
			defaultConfigurationIsVisible = 0;
			defaultConfigurationName = Release;
		};
		3AA1BAB721F6C61500833ECA /* Build configuration list for PBXNativeTarget "ZZToolsDemo" */ = {
			isa = XCConfigurationList;
			buildConfigurations = (
				3AA1BAB821F6C61500833ECA /* Debug */,
				3AA1BAB921F6C61500833ECA /* Release */,
			);
			defaultConfigurationIsVisible = 0;
			defaultConfigurationName = Release;
		};
/* End XCConfigurationList section */
	};
	rootObject = 3AA1BA9921F6C61400833ECA /* Project object */;
}
